# THIS IS AN AUTOGENERATED FILE. DO NOT EDIT THIS FILE DIRECTLY.
# yarn lockfile v1


"@algolia/autocomplete-core@1.9.3":
  version "1.9.3"
  resolved "https://registry.yarnpkg.com/@algolia/autocomplete-core/-/autocomplete-core-1.9.3.tgz#1d56482a768c33aae0868c8533049e02e8961be7"
  integrity sha512-009HdfugtGCdC4JdXUbVJClA0q0zh24yyePn+KUGk3rP7j8FEe/m5Yo/z65gn6nP/cM39PxpzqKrL7A6fP6PPw==
  dependencies:
    "@algolia/autocomplete-plugin-algolia-insights" "1.9.3"
    "@algolia/autocomplete-shared" "1.9.3"

"@algolia/autocomplete-plugin-algolia-insights@1.9.3":
  version "1.9.3"
  resolved "https://registry.yarnpkg.com/@algolia/autocomplete-plugin-algolia-insights/-/autocomplete-plugin-algolia-insights-1.9.3.tgz#9b7f8641052c8ead6d66c1623d444cbe19dde587"
  integrity sha512-a/yTUkcO/Vyy+JffmAnTWbr4/90cLzw+CC3bRbhnULr/EM0fGNvM13oQQ14f2moLMcVDyAx/leczLlAOovhSZg==
  dependencies:
    "@algolia/autocomplete-shared" "1.9.3"

"@algolia/autocomplete-preset-algolia@1.9.3":
  version "1.9.3"
  resolved "https://registry.yarnpkg.com/@algolia/autocomplete-preset-algolia/-/autocomplete-preset-algolia-1.9.3.tgz#64cca4a4304cfcad2cf730e83067e0c1b2f485da"
  integrity sha512-d4qlt6YmrLMYy95n5TB52wtNDr6EgAIPH81dvvvW8UmuWRgxEtY0NJiPwl/h95JtG2vmRM804M0DSwMCNZlzRA==
  dependencies:
    "@algolia/autocomplete-shared" "1.9.3"

"@algolia/autocomplete-shared@1.9.3":
  version "1.9.3"
  resolved "https://registry.yarnpkg.com/@algolia/autocomplete-shared/-/autocomplete-shared-1.9.3.tgz#2e22e830d36f0a9cf2c0ccd3c7f6d59435b77dfa"
  integrity sha512-Wnm9E4Ye6Rl6sTTqjoymD+l8DjSTHsHboVRYrKgEt8Q7UHm9nYbqhN/i0fhUYA3OAEH7WA8x3jfpnmJm3rKvaQ==

"@algolia/cache-browser-local-storage@4.20.0":
  version "4.20.0"
  resolved "https://registry.yarnpkg.com/@algolia/cache-browser-local-storage/-/cache-browser-local-storage-4.20.0.tgz#357318242fc542ffce41d6eb5b4a9b402921b0bb"
  integrity sha512-uujahcBt4DxduBTvYdwO3sBfHuJvJokiC3BP1+O70fglmE1ShkH8lpXqZBac1rrU3FnNYSUs4pL9lBdTKeRPOQ==
  dependencies:
    "@algolia/cache-common" "4.20.0"

"@algolia/cache-common@4.20.0":
  version "4.20.0"
  resolved "https://registry.yarnpkg.com/@algolia/cache-common/-/cache-common-4.20.0.tgz#ec52230509fce891091ffd0d890618bcdc2fa20d"
  integrity sha512-vCfxauaZutL3NImzB2G9LjLt36vKAckc6DhMp05An14kVo8F1Yofb6SIl6U3SaEz8pG2QOB9ptwM5c+zGevwIQ==

"@algolia/cache-in-memory@4.20.0":
  version "4.20.0"
  resolved "https://registry.yarnpkg.com/@algolia/cache-in-memory/-/cache-in-memory-4.20.0.tgz#5f18d057bd6b3b075022df085c4f83bcca4e3e67"
  integrity sha512-Wm9ak/IaacAZXS4mB3+qF/KCoVSBV6aLgIGFEtQtJwjv64g4ePMapORGmCyulCFwfePaRAtcaTbMcJF+voc/bg==
  dependencies:
    "@algolia/cache-common" "4.20.0"

"@algolia/client-account@4.20.0":
  version "4.20.0"
  resolved "https://registry.yarnpkg.com/@algolia/client-account/-/client-account-4.20.0.tgz#23ce0b4cffd63100fb7c1aa1c67a4494de5bd645"
  integrity sha512-GGToLQvrwo7am4zVkZTnKa72pheQeez/16sURDWm7Seyz+HUxKi3BM6fthVVPUEBhtJ0reyVtuK9ArmnaKl10Q==
  dependencies:
    "@algolia/client-common" "4.20.0"
    "@algolia/client-search" "4.20.0"
    "@algolia/transporter" "4.20.0"

"@algolia/client-analytics@4.20.0":
  version "4.20.0"
  resolved "https://registry.yarnpkg.com/@algolia/client-analytics/-/client-analytics-4.20.0.tgz#0aa6bef35d3a41ac3991b3f46fcd0bf00d276fa9"
  integrity sha512-EIr+PdFMOallRdBTHHdKI3CstslgLORQG7844Mq84ib5oVFRVASuuPmG4bXBgiDbcsMLUeOC6zRVJhv1KWI0ug==
  dependencies:
    "@algolia/client-common" "4.20.0"
    "@algolia/client-search" "4.20.0"
    "@algolia/requester-common" "4.20.0"
    "@algolia/transporter" "4.20.0"

"@algolia/client-common@4.20.0":
  version "4.20.0"
  resolved "https://registry.yarnpkg.com/@algolia/client-common/-/client-common-4.20.0.tgz#ca60f04466515548651c4371a742fbb8971790ef"
  integrity sha512-P3WgMdEss915p+knMMSd/fwiHRHKvDu4DYRrCRaBrsfFw7EQHon+EbRSm4QisS9NYdxbS04kcvNoavVGthyfqQ==
  dependencies:
    "@algolia/requester-common" "4.20.0"
    "@algolia/transporter" "4.20.0"

"@algolia/client-personalization@4.20.0":
  version "4.20.0"
  resolved "https://registry.yarnpkg.com/@algolia/client-personalization/-/client-personalization-4.20.0.tgz#ca81308e8ad0db3b27458b78355f124f29657181"
  integrity sha512-N9+zx0tWOQsLc3K4PVRDV8GUeOLAY0i445En79Pr3zWB+m67V+n/8w4Kw1C5LlbHDDJcyhMMIlqezh6BEk7xAQ==
  dependencies:
    "@algolia/client-common" "4.20.0"
    "@algolia/requester-common" "4.20.0"
    "@algolia/transporter" "4.20.0"

"@algolia/client-search@4.20.0":
  version "4.20.0"
  resolved "https://registry.yarnpkg.com/@algolia/client-search/-/client-search-4.20.0.tgz#3bcce817ca6caedc835e0eaf6f580e02ee7c3e15"
  integrity sha512-zgwqnMvhWLdpzKTpd3sGmMlr4c+iS7eyyLGiaO51zDZWGMkpgoNVmltkzdBwxOVXz0RsFMznIxB9zuarUv4TZg==
  dependencies:
    "@algolia/client-common" "4.20.0"
    "@algolia/requester-common" "4.20.0"
    "@algolia/transporter" "4.20.0"

"@algolia/logger-common@4.20.0":
  version "4.20.0"
  resolved "https://registry.yarnpkg.com/@algolia/logger-common/-/logger-common-4.20.0.tgz#f148ddf67e5d733a06213bebf7117cb8a651ab36"
  integrity sha512-xouigCMB5WJYEwvoWW5XDv7Z9f0A8VoXJc3VKwlHJw/je+3p2RcDXfksLI4G4lIVncFUYMZx30tP/rsdlvvzHQ==

"@algolia/logger-console@4.20.0":
  version "4.20.0"
  resolved "https://registry.yarnpkg.com/@algolia/logger-console/-/logger-console-4.20.0.tgz#ac443d27c4e94357f3063e675039cef0aa2de0a7"
  integrity sha512-THlIGG1g/FS63z0StQqDhT6bprUczBI8wnLT3JWvfAQDZX5P6fCg7dG+pIrUBpDIHGszgkqYEqECaKKsdNKOUA==
  dependencies:
    "@algolia/logger-common" "4.20.0"

"@algolia/requester-browser-xhr@4.20.0":
  version "4.20.0"
  resolved "https://registry.yarnpkg.com/@algolia/requester-browser-xhr/-/requester-browser-xhr-4.20.0.tgz#db16d0bdef018b93b51681d3f1e134aca4f64814"
  integrity sha512-HbzoSjcjuUmYOkcHECkVTwAelmvTlgs48N6Owt4FnTOQdwn0b8pdht9eMgishvk8+F8bal354nhx/xOoTfwiAw==
  dependencies:
    "@algolia/requester-common" "4.20.0"

"@algolia/requester-common@4.20.0":
  version "4.20.0"
  resolved "https://registry.yarnpkg.com/@algolia/requester-common/-/requester-common-4.20.0.tgz#65694b2263a8712b4360fef18680528ffd435b5c"
  integrity sha512-9h6ye6RY/BkfmeJp7Z8gyyeMrmmWsMOCRBXQDs4mZKKsyVlfIVICpcSibbeYcuUdurLhIlrOUkH3rQEgZzonng==

"@algolia/requester-node-http@4.20.0":
  version "4.20.0"
  resolved "https://registry.yarnpkg.com/@algolia/requester-node-http/-/requester-node-http-4.20.0.tgz#b52b182b52b0b16dec4070832267d484a6b1d5bb"
  integrity sha512-ocJ66L60ABSSTRFnCHIEZpNHv6qTxsBwJEPfYaSBsLQodm0F9ptvalFkHMpvj5DfE22oZrcrLbOYM2bdPJRHng==
  dependencies:
    "@algolia/requester-common" "4.20.0"

"@algolia/transporter@4.20.0":
  version "4.20.0"
  resolved "https://registry.yarnpkg.com/@algolia/transporter/-/transporter-4.20.0.tgz#7e5b24333d7cc9a926b2f6a249f87c2889b944a9"
  integrity sha512-Lsii1pGWOAISbzeyuf+r/GPhvHMPHSPrTDWNcIzOE1SG1inlJHICaVe2ikuoRjcpgxZNU54Jl+if15SUCsaTUg==
  dependencies:
    "@algolia/cache-common" "4.20.0"
    "@algolia/logger-common" "4.20.0"
    "@algolia/requester-common" "4.20.0"

"@babel/parser@^7.23.9":
  version "7.23.9"
  resolved "https://registry.yarnpkg.com/@babel/parser/-/parser-7.23.9.tgz#7b903b6149b0f8fa7ad564af646c4c38a77fc44b"
  integrity sha512-9tcKgqKbs3xGJ+NtKF2ndOBBLVwPjl1SHxPQkd36r3Dlirw3xWUeGaTbqr7uGZcTaxkVNwc+03SVP7aCdWrTlA==

"@docsearch/css@3.5.2", "@docsearch/css@^3.5.2":
  version "3.5.2"
  resolved "https://registry.yarnpkg.com/@docsearch/css/-/css-3.5.2.tgz#610f47b48814ca94041df969d9fcc47b91fc5aac"
  integrity sha512-SPiDHaWKQZpwR2siD0KQUwlStvIAnEyK6tAE2h2Wuoq8ue9skzhlyVQ1ddzOxX6khULnAALDiR/isSF3bnuciA==

"@docsearch/js@^3.5.2":
  version "3.5.2"
  resolved "https://registry.yarnpkg.com/@docsearch/js/-/js-3.5.2.tgz#a11cb2e7e62890e9e940283fed6972ecf632629d"
  integrity sha512-p1YFTCDflk8ieHgFJYfmyHBki1D61+U9idwrLh+GQQMrBSP3DLGKpy0XUJtPjAOPltcVbqsTjiPFfH7JImjUNg==
  dependencies:
    "@docsearch/react" "3.5.2"
    preact "^10.0.0"

"@docsearch/react@3.5.2":
  version "3.5.2"
  resolved "https://registry.yarnpkg.com/@docsearch/react/-/react-3.5.2.tgz#2e6bbee00eb67333b64906352734da6aef1232b9"
  integrity sha512-9Ahcrs5z2jq/DcAvYtvlqEBHImbm4YJI8M9y0x6Tqg598P40HTEkX7hsMcIuThI+hTFxRGZ9hll0Wygm2yEjng==
  dependencies:
    "@algolia/autocomplete-core" "1.9.3"
    "@algolia/autocomplete-preset-algolia" "1.9.3"
    "@docsearch/css" "3.5.2"
    algoliasearch "^4.19.1"

"@esbuild/android-arm64@0.19.5":
  version "0.19.5"
  resolved "https://registry.yarnpkg.com/@esbuild/android-arm64/-/android-arm64-0.19.5.tgz#276c5f99604054d3dbb733577e09adae944baa90"
  integrity sha512-5d1OkoJxnYQfmC+Zd8NBFjkhyCNYwM4n9ODrycTFY6Jk1IGiZ+tjVJDDSwDt77nK+tfpGP4T50iMtVi4dEGzhQ==

"@esbuild/android-arm@0.19.5":
  version "0.19.5"
  resolved "https://registry.yarnpkg.com/@esbuild/android-arm/-/android-arm-0.19.5.tgz#4a3cbf14758166abaae8ba9c01a80e68342a4eec"
  integrity sha512-bhvbzWFF3CwMs5tbjf3ObfGqbl/17ict2/uwOSfr3wmxDE6VdS2GqY/FuzIPe0q0bdhj65zQsvqfArI9MY6+AA==

"@esbuild/android-x64@0.19.5":
  version "0.19.5"
  resolved "https://registry.yarnpkg.com/@esbuild/android-x64/-/android-x64-0.19.5.tgz#21a3d11cd4613d2d3c5ccb9e746c254eb9265b0a"
  integrity sha512-9t+28jHGL7uBdkBjL90QFxe7DVA+KGqWlHCF8ChTKyaKO//VLuoBricQCgwhOjA1/qOczsw843Fy4cbs4H3DVA==

"@esbuild/darwin-arm64@0.19.5":
  version "0.19.5"
  resolved "https://registry.yarnpkg.com/@esbuild/darwin-arm64/-/darwin-arm64-0.19.5.tgz#714cb839f467d6a67b151ee8255886498e2b9bf6"
  integrity sha512-mvXGcKqqIqyKoxq26qEDPHJuBYUA5KizJncKOAf9eJQez+L9O+KfvNFu6nl7SCZ/gFb2QPaRqqmG0doSWlgkqw==

"@esbuild/darwin-x64@0.19.5":
  version "0.19.5"
  resolved "https://registry.yarnpkg.com/@esbuild/darwin-x64/-/darwin-x64-0.19.5.tgz#2c553e97a6d2b4ae76a884e35e6cbab85a990bbf"
  integrity sha512-Ly8cn6fGLNet19s0X4unjcniX24I0RqjPv+kurpXabZYSXGM4Pwpmf85WHJN3lAgB8GSth7s5A0r856S+4DyiA==

"@esbuild/freebsd-arm64@0.19.5":
  version "0.19.5"
  resolved "https://registry.yarnpkg.com/@esbuild/freebsd-arm64/-/freebsd-arm64-0.19.5.tgz#d554f556718adb31917a0da24277bf84b6ee87f3"
  integrity sha512-GGDNnPWTmWE+DMchq1W8Sd0mUkL+APvJg3b11klSGUDvRXh70JqLAO56tubmq1s2cgpVCSKYywEiKBfju8JztQ==

"@esbuild/freebsd-x64@0.19.5":
  version "0.19.5"
  resolved "https://registry.yarnpkg.com/@esbuild/freebsd-x64/-/freebsd-x64-0.19.5.tgz#288f7358a3bb15d99e73c65c9adaa3dabb497432"
  integrity sha512-1CCwDHnSSoA0HNwdfoNY0jLfJpd7ygaLAp5EHFos3VWJCRX9DMwWODf96s9TSse39Br7oOTLryRVmBoFwXbuuQ==

"@esbuild/linux-arm64@0.19.5":
  version "0.19.5"
  resolved "https://registry.yarnpkg.com/@esbuild/linux-arm64/-/linux-arm64-0.19.5.tgz#95933ae86325c93cb6b5e8333d22120ecfdc901b"
  integrity sha512-o3vYippBmSrjjQUCEEiTZ2l+4yC0pVJD/Dl57WfPwwlvFkrxoSO7rmBZFii6kQB3Wrn/6GwJUPLU5t52eq2meA==

"@esbuild/linux-arm@0.19.5":
  version "0.19.5"
  resolved "https://registry.yarnpkg.com/@esbuild/linux-arm/-/linux-arm-0.19.5.tgz#0acef93aa3e0579e46d33b666627bddb06636664"
  integrity sha512-lrWXLY/vJBzCPC51QN0HM71uWgIEpGSjSZZADQhq7DKhPcI6NH1IdzjfHkDQws2oNpJKpR13kv7/pFHBbDQDwQ==

"@esbuild/linux-ia32@0.19.5":
  version "0.19.5"
  resolved "https://registry.yarnpkg.com/@esbuild/linux-ia32/-/linux-ia32-0.19.5.tgz#b6e5c9e80b42131cbd6b1ddaa48c92835f1ed67f"
  integrity sha512-MkjHXS03AXAkNp1KKkhSKPOCYztRtK+KXDNkBa6P78F8Bw0ynknCSClO/ztGszILZtyO/lVKpa7MolbBZ6oJtQ==

"@esbuild/linux-loong64@0.19.5":
  version "0.19.5"
  resolved "https://registry.yarnpkg.com/@esbuild/linux-loong64/-/linux-loong64-0.19.5.tgz#e5f0cf95a180158b01ff5f417da796a1c09dfbea"
  integrity sha512-42GwZMm5oYOD/JHqHska3Jg0r+XFb/fdZRX+WjADm3nLWLcIsN27YKtqxzQmGNJgu0AyXg4HtcSK9HuOk3v1Dw==

"@esbuild/linux-mips64el@0.19.5":
  version "0.19.5"
  resolved "https://registry.yarnpkg.com/@esbuild/linux-mips64el/-/linux-mips64el-0.19.5.tgz#ae36fb86c7d5f641f3a0c8472e83dcb6ea36a408"
  integrity sha512-kcjndCSMitUuPJobWCnwQ9lLjiLZUR3QLQmlgaBfMX23UEa7ZOrtufnRds+6WZtIS9HdTXqND4yH8NLoVVIkcg==

"@esbuild/linux-ppc64@0.19.5":
  version "0.19.5"
  resolved "https://registry.yarnpkg.com/@esbuild/linux-ppc64/-/linux-ppc64-0.19.5.tgz#7960cb1666f0340ddd9eef7b26dcea3835d472d0"
  integrity sha512-yJAxJfHVm0ZbsiljbtFFP1BQKLc8kUF6+17tjQ78QjqjAQDnhULWiTA6u0FCDmYT1oOKS9PzZ2z0aBI+Mcyj7Q==

"@esbuild/linux-riscv64@0.19.5":
  version "0.19.5"
  resolved "https://registry.yarnpkg.com/@esbuild/linux-riscv64/-/linux-riscv64-0.19.5.tgz#32207df26af60a3a9feea1783fc21b9817bade19"
  integrity sha512-5u8cIR/t3gaD6ad3wNt1MNRstAZO+aNyBxu2We8X31bA8XUNyamTVQwLDA1SLoPCUehNCymhBhK3Qim1433Zag==

"@esbuild/linux-s390x@0.19.5":
  version "0.19.5"
  resolved "https://registry.yarnpkg.com/@esbuild/linux-s390x/-/linux-s390x-0.19.5.tgz#b38d5681db89a3723862dfa792812397b1510a7d"
  integrity sha512-Z6JrMyEw/EmZBD/OFEFpb+gao9xJ59ATsoTNlj39jVBbXqoZm4Xntu6wVmGPB/OATi1uk/DB+yeDPv2E8PqZGw==

"@esbuild/linux-x64@0.19.5":
  version "0.19.5"
  resolved "https://registry.yarnpkg.com/@esbuild/linux-x64/-/linux-x64-0.19.5.tgz#46feba2ad041a241379d150f415b472fe3885075"
  integrity sha512-psagl+2RlK1z8zWZOmVdImisMtrUxvwereIdyJTmtmHahJTKb64pAcqoPlx6CewPdvGvUKe2Jw+0Z/0qhSbG1A==

"@esbuild/netbsd-x64@0.19.5":
  version "0.19.5"
  resolved "https://registry.yarnpkg.com/@esbuild/netbsd-x64/-/netbsd-x64-0.19.5.tgz#3b5c1fb068f26bfc681d31f682adf1bea4ef0702"
  integrity sha512-kL2l+xScnAy/E/3119OggX8SrWyBEcqAh8aOY1gr4gPvw76la2GlD4Ymf832UCVbmuWeTf2adkZDK+h0Z/fB4g==

"@esbuild/openbsd-x64@0.19.5":
  version "0.19.5"
  resolved "https://registry.yarnpkg.com/@esbuild/openbsd-x64/-/openbsd-x64-0.19.5.tgz#ca6830316ca68056c5c88a875f103ad3235e00db"
  integrity sha512-sPOfhtzFufQfTBgRnE1DIJjzsXukKSvZxloZbkJDG383q0awVAq600pc1nfqBcl0ice/WN9p4qLc39WhBShRTA==

"@esbuild/sunos-x64@0.19.5":
  version "0.19.5"
  resolved "https://registry.yarnpkg.com/@esbuild/sunos-x64/-/sunos-x64-0.19.5.tgz#9efc4eb9539a7be7d5a05ada52ee43cda0d8e2dd"
  integrity sha512-dGZkBXaafuKLpDSjKcB0ax0FL36YXCvJNnztjKV+6CO82tTYVDSH2lifitJ29jxRMoUhgkg9a+VA/B03WK5lcg==

"@esbuild/win32-arm64@0.19.5":
  version "0.19.5"
  resolved "https://registry.yarnpkg.com/@esbuild/win32-arm64/-/win32-arm64-0.19.5.tgz#29f8184afa7a02a956ebda4ed638099f4b8ff198"
  integrity sha512-dWVjD9y03ilhdRQ6Xig1NWNgfLtf2o/STKTS+eZuF90fI2BhbwD6WlaiCGKptlqXlURVB5AUOxUj09LuwKGDTg==

"@esbuild/win32-ia32@0.19.5":
  version "0.19.5"
  resolved "https://registry.yarnpkg.com/@esbuild/win32-ia32/-/win32-ia32-0.19.5.tgz#f3de07afb292ecad651ae4bb8727789de2d95b05"
  integrity sha512-4liggWIA4oDgUxqpZwrDhmEfAH4d0iljanDOK7AnVU89T6CzHon/ony8C5LeOdfgx60x5cnQJFZwEydVlYx4iw==

"@esbuild/win32-x64@0.19.5":
  version "0.19.5"
  resolved "https://registry.yarnpkg.com/@esbuild/win32-x64/-/win32-x64-0.19.5.tgz#faad84c41ba12e3a0acb52571df9bff37bee75f6"
  integrity sha512-czTrygUsB/jlM8qEW5MD8bgYU2Xg14lo6kBDXW6HdxKjh8M5PzETGiSHaz9MtbXBYDloHNUAUW2tMiKW4KM9Mw==

"@jridgewell/sourcemap-codec@^1.4.15":
  version "1.4.15"
  resolved "https://registry.yarnpkg.com/@jridgewell/sourcemap-codec/-/sourcemap-codec-1.4.15.tgz#d7c6e6755c78567a951e04ab52ef0fd26de59f32"
  integrity sha512-eF2rxCRulEKXHTRiDrDy6erMYWqNw4LPdQ8UQA4huuxaQsVeRPFl2oM8oDGxMFhJUWZf9McpLtJasDDZb/Bpeg==

"@rollup/rollup-android-arm-eabi@4.5.0":
  version "4.5.0"
  resolved "https://registry.yarnpkg.com/@rollup/rollup-android-arm-eabi/-/rollup-android-arm-eabi-4.5.0.tgz#5984f98288150a2c34928de023bbd122d61ce754"
  integrity sha512-OINaBGY+Wc++U0rdr7BLuFClxcoWaVW3vQYqmQq6B3bqQ/2olkaoz+K8+af/Mmka/C2yN5j+L9scBkv4BtKsDA==

"@rollup/rollup-android-arm64@4.5.0":
  version "4.5.0"
  resolved "https://registry.yarnpkg.com/@rollup/rollup-android-arm64/-/rollup-android-arm64-4.5.0.tgz#8456a8c623cca4042ae4bf2ce03d875a02433191"
  integrity sha512-UdMf1pOQc4ZmUA/NTmKhgJTBimbSKnhPS2zJqucqFyBRFPnPDtwA8MzrGNTjDeQbIAWfpJVAlxejw+/lQyBK/w==

"@rollup/rollup-darwin-arm64@4.5.0":
  version "4.5.0"
  resolved "https://registry.yarnpkg.com/@rollup/rollup-darwin-arm64/-/rollup-darwin-arm64-4.5.0.tgz#76be6832eee21dabc28f84f9f54fbfcc66615992"
  integrity sha512-L0/CA5p/idVKI+c9PcAPGorH6CwXn6+J0Ys7Gg1axCbTPgI8MeMlhA6fLM9fK+ssFhqogMHFC8HDvZuetOii7w==

"@rollup/rollup-darwin-x64@4.5.0":
  version "4.5.0"
  resolved "https://registry.yarnpkg.com/@rollup/rollup-darwin-x64/-/rollup-darwin-x64-4.5.0.tgz#66bd162a3fea48cb1cef50cedccfbeee5685b444"
  integrity sha512-QZCbVqU26mNlLn8zi/XDDquNmvcr4ON5FYAHQQsyhrHx8q+sQi/6xduoznYXwk/KmKIXG5dLfR0CvY+NAWpFYQ==

"@rollup/rollup-linux-arm-gnueabihf@4.5.0":
  version "4.5.0"
  resolved "https://registry.yarnpkg.com/@rollup/rollup-linux-arm-gnueabihf/-/rollup-linux-arm-gnueabihf-4.5.0.tgz#a0e6b2a1d67a4ba0c2a61985175f65c05abc5f73"
  integrity sha512-VpSQ+xm93AeV33QbYslgf44wc5eJGYfYitlQzAi3OObu9iwrGXEnmu5S3ilkqE3Pr/FkgOiJKV/2p0ewf4Hrtg==

"@rollup/rollup-linux-arm64-gnu@4.5.0":
  version "4.5.0"
  resolved "https://registry.yarnpkg.com/@rollup/rollup-linux-arm64-gnu/-/rollup-linux-arm64-gnu-4.5.0.tgz#5434b844a47ba4e35602ee312de9f39b38b1777b"
  integrity sha512-OrEyIfpxSsMal44JpEVx9AEcGpdBQG1ZuWISAanaQTSMeStBW+oHWwOkoqR54bw3x8heP8gBOyoJiGg+fLY8qQ==

"@rollup/rollup-linux-arm64-musl@4.5.0":
  version "4.5.0"
  resolved "https://registry.yarnpkg.com/@rollup/rollup-linux-arm64-musl/-/rollup-linux-arm64-musl-4.5.0.tgz#149cab95107821fe4ae46d5f2c0658c5b0e56b9c"
  integrity sha512-1H7wBbQuE6igQdxMSTjtFfD+DGAudcYWhp106z/9zBA8OQhsJRnemO4XGavdzHpGhRtRxbgmUGdO3YQgrWf2RA==

"@rollup/rollup-linux-x64-gnu@4.5.0":
  version "4.5.0"
  resolved "https://registry.yarnpkg.com/@rollup/rollup-linux-x64-gnu/-/rollup-linux-x64-gnu-4.5.0.tgz#6929bf3013e9d599605953ea1bc51f35376bfff7"
  integrity sha512-FVyFI13tXw5aE65sZdBpNjPVIi4Q5mARnL/39UIkxvSgRAIqCo5sCpCELk0JtXHGee2owZz5aNLbWNfBHzr71Q==

"@rollup/rollup-linux-x64-musl@4.5.0":
  version "4.5.0"
  resolved "https://registry.yarnpkg.com/@rollup/rollup-linux-x64-musl/-/rollup-linux-x64-musl-4.5.0.tgz#a17f5decabf05b74aad684de56cf43a72a289a0b"
  integrity sha512-eBPYl2sLpH/o8qbSz6vPwWlDyThnQjJfcDOGFbNjmjb44XKC1F5dQfakOsADRVrXCNzM6ZsSIPDG5dc6HHLNFg==

"@rollup/rollup-win32-arm64-msvc@4.5.0":
  version "4.5.0"
  resolved "https://registry.yarnpkg.com/@rollup/rollup-win32-arm64-msvc/-/rollup-win32-arm64-msvc-4.5.0.tgz#f145f10c33aa187a11fd60933465be46667e6e42"
  integrity sha512-xaOHIfLOZypoQ5U2I6rEaugS4IYtTgP030xzvrBf5js7p9WI9wik07iHmsKaej8Z83ZDxN5GyypfoyKV5O5TJA==

"@rollup/rollup-win32-ia32-msvc@4.5.0":
  version "4.5.0"
  resolved "https://registry.yarnpkg.com/@rollup/rollup-win32-ia32-msvc/-/rollup-win32-ia32-msvc-4.5.0.tgz#798614b191f9ce1dc58079d1dfbc234c71df9e0e"
  integrity sha512-Al6quztQUrHwcOoU2TuFblUQ5L+/AmPBXFR6dUvyo4nRj2yQRK0WIUaGMF/uwKulvRcXkpHe3k9A8Vf93VDktA==

"@rollup/rollup-win32-x64-msvc@4.5.0":
  version "4.5.0"
  resolved "https://registry.yarnpkg.com/@rollup/rollup-win32-x64-msvc/-/rollup-win32-x64-msvc-4.5.0.tgz#748970e066839e33ed8c935061e370c4ab050517"
  integrity sha512-8kdW+brNhI/NzJ4fxDufuJUjepzINqJKLGHuxyAtpPG9bMbn8P5mtaCcbOm0EzLJ+atg+kF9dwg8jpclkVqx5w==

"@types/linkify-it@*":
  version "3.0.4"
  resolved "https://registry.yarnpkg.com/@types/linkify-it/-/linkify-it-3.0.4.tgz#def6a9bb0ce78140860602f16ace37a9997f086a"
  integrity sha512-hPpIeeHb/2UuCw06kSNAOVWgehBLXEo0/fUs0mw3W2qhqX89PI2yvok83MnuctYGCPrabGIoi0fFso4DQ+sNUQ==

"@types/markdown-it@^13.0.7":
  version "13.0.7"
  resolved "https://registry.yarnpkg.com/@types/markdown-it/-/markdown-it-13.0.7.tgz#4a495115f470075bd4434a0438ac477a49c2e152"
  integrity sha512-U/CBi2YUUcTHBt5tjO2r5QV/x0Po6nsYwQU4Y04fBS6vfoImaiZ6f8bi3CjTCxBPQSO1LMyUqkByzi8AidyxfA==
  dependencies:
    "@types/linkify-it" "*"
    "@types/mdurl" "*"

"@types/mdurl@*":
  version "1.0.4"
  resolved "https://registry.yarnpkg.com/@types/mdurl/-/mdurl-1.0.4.tgz#574bfbec51eb41ab5f444116c8555bc4347feba5"
  integrity sha512-ARVxjAEX5TARFRzpDRVC6cEk0hUIXCCwaMhz8y7S1/PxU6zZS1UMjyobz7q4w/D/R552r4++EhwmXK1N2rAy0A==

"@types/web-bluetooth@^0.0.20":
  version "0.0.20"
  resolved "https://registry.yarnpkg.com/@types/web-bluetooth/-/web-bluetooth-0.0.20.tgz#f066abfcd1cbe66267cdbbf0de010d8a41b41597"
  integrity sha512-g9gZnnXVq7gM7v3tJCWV/qw7w+KeOlSHAhgF9RytFyifW6AF61hdT2ucrYhPq9hLs5JIryeupHV3qGk95dH9ow==

"@vitejs/plugin-vue@^5.0.3":
  version "5.0.3"
  resolved "https://registry.yarnpkg.com/@vitejs/plugin-vue/-/plugin-vue-5.0.3.tgz#164b36653910d27c130cf6c945b4bd9bde5bcbee"
  integrity sha512-b8S5dVS40rgHdDrw+DQi/xOM9ed+kSRZzfm1T74bMmBDCd8XO87NKlFYInzCtwvtWwXZvo1QxE2OSspTATWrbA==

"@vue/compiler-core@3.4.19":
  version "3.4.19"
  resolved "https://registry.yarnpkg.com/@vue/compiler-core/-/compiler-core-3.4.19.tgz#3161b1ede69da00f3ce8155dfab907a3eaa0515e"
  integrity sha512-gj81785z0JNzRcU0Mq98E56e4ltO1yf8k5PQ+tV/7YHnbZkrM0fyFyuttnN8ngJZjbpofWE/m4qjKBiLl8Ju4w==
  dependencies:
    "@babel/parser" "^7.23.9"
    "@vue/shared" "3.4.19"
    entities "^4.5.0"
    estree-walker "^2.0.2"
    source-map-js "^1.0.2"

"@vue/compiler-dom@3.4.19":
  version "3.4.19"
  resolved "https://registry.yarnpkg.com/@vue/compiler-dom/-/compiler-dom-3.4.19.tgz#2457e57e978f431e3b5fd11fc50a3e92d5816f9a"
  integrity sha512-vm6+cogWrshjqEHTzIDCp72DKtea8Ry/QVpQRYoyTIg9k7QZDX6D8+HGURjtmatfgM8xgCFtJJaOlCaRYRK3QA==
  dependencies:
    "@vue/compiler-core" "3.4.19"
    "@vue/shared" "3.4.19"

"@vue/compiler-sfc@3.4.19":
  version "3.4.19"
  resolved "https://registry.yarnpkg.com/@vue/compiler-sfc/-/compiler-sfc-3.4.19.tgz#33b238ded6d63e51f6a7048b742626f6007df129"
  integrity sha512-LQ3U4SN0DlvV0xhr1lUsgLCYlwQfUfetyPxkKYu7dkfvx7g3ojrGAkw0AERLOKYXuAGnqFsEuytkdcComei3Yg==
  dependencies:
    "@babel/parser" "^7.23.9"
    "@vue/compiler-core" "3.4.19"
    "@vue/compiler-dom" "3.4.19"
    "@vue/compiler-ssr" "3.4.19"
    "@vue/shared" "3.4.19"
    estree-walker "^2.0.2"
    magic-string "^0.30.6"
    postcss "^8.4.33"
    source-map-js "^1.0.2"

"@vue/compiler-ssr@3.4.19":
  version "3.4.19"
  resolved "https://registry.yarnpkg.com/@vue/compiler-ssr/-/compiler-ssr-3.4.19.tgz#1f8ee06005ebbaa354f8783fad84e9f7ea4a69c2"
  integrity sha512-P0PLKC4+u4OMJ8sinba/5Z/iDT84uMRRlrWzadgLA69opCpI1gG4N55qDSC+dedwq2fJtzmGald05LWR5TFfLw==
  dependencies:
    "@vue/compiler-dom" "3.4.19"
    "@vue/shared" "3.4.19"

"@vue/devtools-api@^6.5.1":
  version "6.5.1"
  resolved "https://registry.yarnpkg.com/@vue/devtools-api/-/devtools-api-6.5.1.tgz#7f71f31e40973eeee65b9a64382b13593fdbd697"
  integrity sha512-+KpckaAQyfbvshdDW5xQylLni1asvNSGme1JFs8I1+/H5pHEhqUKMEQD/qn3Nx5+/nycBq11qAEi8lk+LXI2dA==

"@vue/reactivity@3.4.19":
  version "3.4.19"
  resolved "https://registry.yarnpkg.com/@vue/reactivity/-/reactivity-3.4.19.tgz#8cf335d97d07881d8184cb23289289dc18b03f60"
  integrity sha512-+VcwrQvLZgEclGZRHx4O2XhyEEcKaBi50WbxdVItEezUf4fqRh838Ix6amWTdX0CNb/b6t3Gkz3eOebfcSt+UA==
  dependencies:
    "@vue/shared" "3.4.19"

"@vue/runtime-core@3.4.19":
  version "3.4.19"
  resolved "https://registry.yarnpkg.com/@vue/runtime-core/-/runtime-core-3.4.19.tgz#ef10357fdf3afdf68523b55424541000105e2aeb"
  integrity sha512-/Z3tFwOrerJB/oyutmJGoYbuoadphDcJAd5jOuJE86THNZji9pYjZroQ2NFsZkTxOq0GJbb+s2kxTYToDiyZzw==
  dependencies:
    "@vue/reactivity" "3.4.19"
    "@vue/shared" "3.4.19"

"@vue/runtime-dom@3.4.19":
  version "3.4.19"
  resolved "https://registry.yarnpkg.com/@vue/runtime-dom/-/runtime-dom-3.4.19.tgz#079141e31d9f47515b9595f29843d51011f88739"
  integrity sha512-IyZzIDqfNCF0OyZOauL+F4yzjMPN2rPd8nhqPP2N1lBn3kYqJpPHHru+83Rkvo2lHz5mW+rEeIMEF9qY3PB94g==
  dependencies:
    "@vue/runtime-core" "3.4.19"
    "@vue/shared" "3.4.19"
    csstype "^3.1.3"

"@vue/server-renderer@3.4.19":
  version "3.4.19"
  resolved "https://registry.yarnpkg.com/@vue/server-renderer/-/server-renderer-3.4.19.tgz#e6f8ff5268d0758766ca9835375218924d5f0eb6"
  integrity sha512-eAj2p0c429RZyyhtMRnttjcSToch+kTWxFPHlzGMkR28ZbF1PDlTcmGmlDxccBuqNd9iOQ7xPRPAGgPVj+YpQw==
  dependencies:
    "@vue/compiler-ssr" "3.4.19"
    "@vue/shared" "3.4.19"

"@vue/shared@3.4.19":
  version "3.4.19"
  resolved "https://registry.yarnpkg.com/@vue/shared/-/shared-3.4.19.tgz#28105147811bcf1e6612bf1c9ab0c6d91ada019c"
  integrity sha512-/KliRRHMF6LoiThEy+4c1Z4KB/gbPrGjWwJR+crg2otgrf/egKzRaCPvJ51S5oetgsgXLfc4Rm5ZgrKHZrtMSw==

"@vueuse/core@10.7.2", "@vueuse/core@^10.7.2":
  version "10.7.2"
  resolved "https://registry.yarnpkg.com/@vueuse/core/-/core-10.7.2.tgz#78917803a29a0bca1803a6521fdf7ff873f6e72c"
  integrity sha512-AOyAL2rK0By62Hm+iqQn6Rbu8bfmbgaIMXcE3TSr7BdQ42wnSFlwIdPjInO62onYsEMK/yDMU8C6oGfDAtZ2qQ==
  dependencies:
    "@types/web-bluetooth" "^0.0.20"
    "@vueuse/metadata" "10.7.2"
    "@vueuse/shared" "10.7.2"
    vue-demi ">=0.14.6"

"@vueuse/integrations@^10.7.2":
  version "10.7.2"
  resolved "https://registry.yarnpkg.com/@vueuse/integrations/-/integrations-10.7.2.tgz#763de1337d3925be9097aac9a725eec39d4c8e69"
  integrity sha512-+u3RLPFedjASs5EKPc69Ge49WNgqeMfSxFn+qrQTzblPXZg6+EFzhjarS5edj2qAf6xQ93f95TUxRwKStXj/sQ==
  dependencies:
    "@vueuse/core" "10.7.2"
    "@vueuse/shared" "10.7.2"
    vue-demi ">=0.14.6"

"@vueuse/metadata@10.7.2":
  version "10.7.2"
  resolved "https://registry.yarnpkg.com/@vueuse/metadata/-/metadata-10.7.2.tgz#ba0187ce138c287fd80301afc5b0d6a97e563633"
  integrity sha512-kCWPb4J2KGrwLtn1eJwaJD742u1k5h6v/St5wFe8Quih90+k2a0JP8BS4Zp34XUuJqS2AxFYMb1wjUL8HfhWsQ==

"@vueuse/shared@10.7.2":
  version "10.7.2"
  resolved "https://registry.yarnpkg.com/@vueuse/shared/-/shared-10.7.2.tgz#746441fbc08072371dd600a55883422c83fd0cab"
  integrity sha512-qFbXoxS44pi2FkgFjPvF4h7c9oMDutpyBdcJdMYIMg9XyXli2meFMuaKn+UMgsClo//Th6+beeCgqweT/79BVA==
  dependencies:
    vue-demi ">=0.14.6"

algoliasearch@^4.19.1:
  version "4.20.0"
  resolved "https://registry.yarnpkg.com/algoliasearch/-/algoliasearch-4.20.0.tgz#700c2cb66e14f8a288460036c7b2a554d0d93cf4"
  integrity sha512-y+UHEjnOItoNy0bYO+WWmLWBlPwDjKHW6mNHrPi0NkuhpQOOEbrkwQH/wgKFDLh7qlKjzoKeiRtlpewDPDG23g==
  dependencies:
    "@algolia/cache-browser-local-storage" "4.20.0"
    "@algolia/cache-common" "4.20.0"
    "@algolia/cache-in-memory" "4.20.0"
    "@algolia/client-account" "4.20.0"
    "@algolia/client-analytics" "4.20.0"
    "@algolia/client-common" "4.20.0"
    "@algolia/client-personalization" "4.20.0"
    "@algolia/client-search" "4.20.0"
    "@algolia/logger-common" "4.20.0"
    "@algolia/logger-console" "4.20.0"
    "@algolia/requester-browser-xhr" "4.20.0"
    "@algolia/requester-common" "4.20.0"
    "@algolia/requester-node-http" "4.20.0"
    "@algolia/transporter" "4.20.0"

csstype@^3.1.3:
  version "3.1.3"
  resolved "https://registry.yarnpkg.com/csstype/-/csstype-3.1.3.tgz#d80ff294d114fb0e6ac500fbf85b60137d7eff81"
  integrity sha512-M1uQkMl8rQK/szD0LNhtqxIPLpimGm8sOBwU7lLnCpSbTyY3yeU1Vc7l4KT5zT4s/yOxHH5O7tIuuLOCnLADRw==

entities@^4.5.0:
  version "4.5.0"
  resolved "https://registry.yarnpkg.com/entities/-/entities-4.5.0.tgz#5d268ea5e7113ec74c4d033b79ea5a35a488fb48"
  integrity sha512-V0hjH4dGPh9Ao5p0MoRY6BVqtwCjhz6vI5LT8AJ55H+4g9/4vbHx1I54fS0XuclLhDHArPQCiMjDxjaL8fPxhw==

esbuild@^0.19.3:
  version "0.19.5"
  resolved "https://registry.yarnpkg.com/esbuild/-/esbuild-0.19.5.tgz#53a0e19dfbf61ba6c827d51a80813cf071239a8c"
  integrity sha512-bUxalY7b1g8vNhQKdB24QDmHeY4V4tw/s6Ak5z+jJX9laP5MoQseTOMemAr0gxssjNcH0MCViG8ONI2kksvfFQ==
  optionalDependencies:
    "@esbuild/android-arm" "0.19.5"
    "@esbuild/android-arm64" "0.19.5"
    "@esbuild/android-x64" "0.19.5"
    "@esbuild/darwin-arm64" "0.19.5"
    "@esbuild/darwin-x64" "0.19.5"
    "@esbuild/freebsd-arm64" "0.19.5"
    "@esbuild/freebsd-x64" "0.19.5"
    "@esbuild/linux-arm" "0.19.5"
    "@esbuild/linux-arm64" "0.19.5"
    "@esbuild/linux-ia32" "0.19.5"
    "@esbuild/linux-loong64" "0.19.5"
    "@esbuild/linux-mips64el" "0.19.5"
    "@esbuild/linux-ppc64" "0.19.5"
    "@esbuild/linux-riscv64" "0.19.5"
    "@esbuild/linux-s390x" "0.19.5"
    "@esbuild/linux-x64" "0.19.5"
    "@esbuild/netbsd-x64" "0.19.5"
    "@esbuild/openbsd-x64" "0.19.5"
    "@esbuild/sunos-x64" "0.19.5"
    "@esbuild/win32-arm64" "0.19.5"
    "@esbuild/win32-ia32" "0.19.5"
    "@esbuild/win32-x64" "0.19.5"

estree-walker@^2.0.2:
  version "2.0.2"
  resolved "https://registry.yarnpkg.com/estree-walker/-/estree-walker-2.0.2.tgz#52f010178c2a4c117a7757cfe942adb7d2da4cac"
  integrity sha512-Rfkk/Mp/DL7JVje3u18FxFujQlTNR2q6QfMSMB7AvCBx91NGj/ba3kCfza0f6dVDbw7YlRf/nDrn7pQrCCyQ/w==

focus-trap@^7.5.4:
  version "7.5.4"
  resolved "https://registry.yarnpkg.com/focus-trap/-/focus-trap-7.5.4.tgz#6c4e342fe1dae6add9c2aa332a6e7a0bbd495ba2"
  integrity sha512-N7kHdlgsO/v+iD/dMoJKtsSqs5Dz/dXZVebRgJw23LDk+jMi/974zyiOYDziY2JPp8xivq9BmUGwIJMiuSBi7w==
  dependencies:
    tabbable "^6.2.0"

fsevents@~2.3.2:
  version "2.3.2"
  resolved "https://registry.yarnpkg.com/fsevents/-/fsevents-2.3.2.tgz#8a526f78b8fdf4623b709e0b975c52c24c02fd1a"
  integrity sha512-xiqMQR4xAeHTuB9uWm+fFRcIOgKBMiOBP+eXiyT7jsgVCq1bkVygt00oASowB7EdtpOHaaPgKt812P9ab+DDKA==

fsevents@~2.3.3:
  version "2.3.3"
  resolved "https://registry.yarnpkg.com/fsevents/-/fsevents-2.3.3.tgz#cac6407785d03675a2a5e1a5305c697b347d90d6"
  integrity sha512-5xoDfX+fL7faATnagmWPpbFtwh/R77WmMMqqHGS65C3vvB0YHrgF+B1YmZ3441tMj5n63k0212XNoJwzlhffQw==

magic-string@^0.30.6:
  version "0.30.7"
  resolved "https://registry.yarnpkg.com/magic-string/-/magic-string-0.30.7.tgz#0cecd0527d473298679da95a2d7aeb8c64048505"
  integrity sha512-8vBuFF/I/+OSLRmdf2wwFCJCz+nSn0m6DPvGH1fS/KiQoSaR+sETbov0eIk9KhEKy8CYqIkIAnbohxT/4H0kuA==
  dependencies:
    "@jridgewell/sourcemap-codec" "^1.4.15"

mark.js@8.11.1:
  version "8.11.1"
  resolved "https://registry.yarnpkg.com/mark.js/-/mark.js-8.11.1.tgz#180f1f9ebef8b0e638e4166ad52db879beb2ffc5"
  integrity sha512-1I+1qpDt4idfgLQG+BNWmrqku+7/2bi5nLf4YwF8y8zXvmfiTBY3PV3ZibfrjBueCByROpuBjLLFCajqkgYoLQ==

minisearch@^6.3.0:
  version "6.3.0"
  resolved "https://registry.yarnpkg.com/minisearch/-/minisearch-6.3.0.tgz#985a2f1ca3c73c2d65af94f0616bfe57164b0b6b"
  integrity sha512-ihFnidEeU8iXzcVHy74dhkxh/dn8Dc08ERl0xwoMMGqp4+LvRSCgicb+zGqWthVokQKvCSxITlh3P08OzdTYCQ==

nanoid@^3.3.7:
  version "3.3.7"
  resolved "https://registry.yarnpkg.com/nanoid/-/nanoid-3.3.7.tgz#d0c301a691bc8d54efa0a2226ccf3fe2fd656bd8"
  integrity sha512-eSRppjcPIatRIMC1U6UngP8XFcz8MQWGQdt1MTBQ7NaAmvXDfvNxbvWV3x2y6CdEUciCSsDHDQZbhYaB8QEo2g==

picocolors@^1.0.0:
  version "1.0.0"
  resolved "https://registry.yarnpkg.com/picocolors/-/picocolors-1.0.0.tgz#cb5bdc74ff3f51892236eaf79d68bc44564ab81c"
  integrity sha512-1fygroTLlHu66zi26VoTDv8yRgm0Fccecssto+MhsZ0D/DGW2sm8E8AjW7NU5VVTRt5GxbeZ5qBuJr+HyLYkjQ==

postcss@^8.4.32:
  version "8.4.32"
  resolved "https://registry.yarnpkg.com/postcss/-/postcss-8.4.32.tgz#1dac6ac51ab19adb21b8b34fd2d93a86440ef6c9"
  integrity sha512-D/kj5JNu6oo2EIy+XL/26JEDTlIbB8hw85G8StOE6L74RQAVVP5rej6wxCNqyMbR4RkPfqvezVbPw81Ngd6Kcw==
  dependencies:
    nanoid "^3.3.7"
    picocolors "^1.0.0"
    source-map-js "^1.0.2"

postcss@^8.4.33:
  version "8.4.33"
  resolved "https://registry.yarnpkg.com/postcss/-/postcss-8.4.33.tgz#1378e859c9f69bf6f638b990a0212f43e2aaa742"
  integrity sha512-Kkpbhhdjw2qQs2O2DGX+8m5OVqEcbB9HRBvuYM9pgrjEFUg30A9LmXNlTAUj4S9kgtGyrMbTzVjH7E+s5Re2yg==
  dependencies:
    nanoid "^3.3.7"
    picocolors "^1.0.0"
    source-map-js "^1.0.2"

preact@^10.0.0:
  version "10.7.3"
  resolved "https://registry.yarnpkg.com/preact/-/preact-10.7.3.tgz#f98c09a29cb8dbb22e5fc824a1edcc377fc42b5a"
  integrity sha512-giqJXP8VbtA1tyGa3f1n9wiN7PrHtONrDyE3T+ifjr/tTkg+2N4d/6sjC9WyJKv8wM7rOYDveqy5ZoFmYlwo4w==

rollup@^4.2.0:
  version "4.5.0"
  resolved "https://registry.yarnpkg.com/rollup/-/rollup-4.5.0.tgz#358ee6947fe0e4c8bacdae6896539cade3107655"
  integrity sha512-41xsWhzxqjMDASCxH5ibw1mXk+3c4TNI2UjKbLxe6iEzrSQnqOzmmK8/3mufCPbzHNJ2e04Fc1ddI35hHy+8zg==
  optionalDependencies:
    "@rollup/rollup-android-arm-eabi" "4.5.0"
    "@rollup/rollup-android-arm64" "4.5.0"
    "@rollup/rollup-darwin-arm64" "4.5.0"
    "@rollup/rollup-darwin-x64" "4.5.0"
    "@rollup/rollup-linux-arm-gnueabihf" "4.5.0"
    "@rollup/rollup-linux-arm64-gnu" "4.5.0"
    "@rollup/rollup-linux-arm64-musl" "4.5.0"
    "@rollup/rollup-linux-x64-gnu" "4.5.0"
    "@rollup/rollup-linux-x64-musl" "4.5.0"
    "@rollup/rollup-win32-arm64-msvc" "4.5.0"
    "@rollup/rollup-win32-ia32-msvc" "4.5.0"
    "@rollup/rollup-win32-x64-msvc" "4.5.0"
    fsevents "~2.3.2"

shikiji-core@0.10.0, shikiji-core@^0.10.0:
  version "0.10.0"
  resolved "https://registry.yarnpkg.com/shikiji-core/-/shikiji-core-0.10.0.tgz#4425f1f5055fec6759bf0c71f2cc406518fed17c"
  integrity sha512-imG+bvRkuNlZUi2q9tMVfegRRouTpDxMFejpfF/6J+bFX3NDKtlW9T9iIAkBYnw4pcCtSwirW0AvkwlQR4wyxg==

shikiji-transformers@^0.10.0:
  version "0.10.0"
  resolved "https://registry.yarnpkg.com/shikiji-transformers/-/shikiji-transformers-0.10.0.tgz#73b205d36ef0a411e2b07b373c4828761fad826a"
  integrity sha512-x9oYybeF/XOrIc6Mm8G1gU5ezunMxdgD4WwBTKrZ5tAmFFaNIWCjwZENgRt1uR4iMi0+pGH0g9bmrbraSC41nA==
  dependencies:
    shikiji "0.10.0"

shikiji@0.10.0, shikiji@^0.10.0:
  version "0.10.0"
  resolved "https://registry.yarnpkg.com/shikiji/-/shikiji-0.10.0.tgz#e7cc117c5a2ad5656a7bf6ea6c01e2b621a1552e"
  integrity sha512-1dAzIOWbtM7B4Sem5BvE+CEdsebDsRA34SfCxM4qJ4PLgR73ZD92VEtNfbcoZ3xOLSqvtV0J9i4WpCgVsmQteg==
  dependencies:
    shikiji-core "0.10.0"

source-map-js@^1.0.2:
  version "1.0.2"
  resolved "https://registry.yarnpkg.com/source-map-js/-/source-map-js-1.0.2.tgz#adbc361d9c62df380125e7f161f71c826f1e490c"
  integrity sha512-R0XvVJ9WusLiqTCEiGCmICCMplcCkIwwR11mOSD9CR5u+IXYdiseeEuXCVAjS54zqwkLcPNnmU4OeJ6tUrWhDw==

tabbable@^6.2.0:
  version "6.2.0"
  resolved "https://registry.yarnpkg.com/tabbable/-/tabbable-6.2.0.tgz#732fb62bc0175cfcec257330be187dcfba1f3b97"
  integrity sha512-Cat63mxsVJlzYvN51JmVXIgNoUokrIaT2zLclCXjRd8boZ0004U4KCs/sToJ75C6sdlByWxpYnb5Boif1VSFew==

vite@^5.0.12:
  version "5.0.12"
  resolved "https://registry.yarnpkg.com/vite/-/vite-5.0.12.tgz#8a2ffd4da36c132aec4adafe05d7adde38333c47"
  integrity sha512-4hsnEkG3q0N4Tzf1+t6NdN9dg/L3BM+q8SWgbSPnJvrgH2kgdyzfVJwbR1ic69/4uMJJ/3dqDZZE5/WwqW8U1w==
  dependencies:
    esbuild "^0.19.3"
    postcss "^8.4.32"
    rollup "^4.2.0"
  optionalDependencies:
    fsevents "~2.3.3"

vitepress@^1.0.0-rc.40:
  version "1.0.0-rc.40"
  resolved "https://registry.yarnpkg.com/vitepress/-/vitepress-1.0.0-rc.40.tgz#ad63f04c5296fc20daf32a4edd46677e95398eca"
  integrity sha512-1x9PCrcsJwqhpccyTR93uD6jpiPDeRC98CBCAQLLBb44a3VSXYBPzhCahi+2kwAYylu49p0XhseMPVM4IVcWcw==
  dependencies:
    "@docsearch/css" "^3.5.2"
    "@docsearch/js" "^3.5.2"
    "@types/markdown-it" "^13.0.7"
    "@vitejs/plugin-vue" "^5.0.3"
    "@vue/devtools-api" "^6.5.1"
    "@vueuse/core" "^10.7.2"
    "@vueuse/integrations" "^10.7.2"
    focus-trap "^7.5.4"
    mark.js "8.11.1"
    minisearch "^6.3.0"
    shikiji "^0.10.0"
    shikiji-core "^0.10.0"
    shikiji-transformers "^0.10.0"
    vite "^5.0.12"
    vue "^3.4.15"

vue-demi@>=0.14.6:
  version "0.14.6"
  resolved "https://registry.yarnpkg.com/vue-demi/-/vue-demi-0.14.6.tgz#dc706582851dc1cdc17a0054f4fec2eb6df74c92"
  integrity sha512-8QA7wrYSHKaYgUxDA5ZC24w+eHm3sYCbp0EzcDwKqN3p6HqtTCGR/GVsPyZW92unff4UlcSh++lmqDWN3ZIq4w==

vue@^3.4.15, vue@^3.4.19:
  version "3.4.19"
  resolved "https://registry.yarnpkg.com/vue/-/vue-3.4.19.tgz#f9ae0a44db86628548736ff04152830726a97263"
  integrity sha512-W/7Fc9KUkajFU8dBeDluM4sRGc/aa4YJnOYck8dkjgZoXtVsn3OeTGni66FV1l3+nvPA7VBFYtPioaGKUmEADw==
  dependencies:
    "@vue/compiler-dom" "3.4.19"
    "@vue/compiler-sfc" "3.4.19"
    "@vue/runtime-dom" "3.4.19"
    "@vue/server-renderer" "3.4.19"
    "@vue/shared" "3.4.19"
