# THIS IS AN AUTOGENERATED FILE. DO NOT EDIT THIS FILE DIRECTLY.
# yarn lockfile v1


"@algolia/autocomplete-core@1.9.3":
  version "1.9.3"
  resolved "https://registry.yarnpkg.com/@algolia/autocomplete-core/-/autocomplete-core-1.9.3.tgz#1d56482a768c33aae0868c8533049e02e8961be7"
  integrity sha512-009HdfugtGCdC4JdXUbVJClA0q0zh24yyePn+KUGk3rP7j8FEe/m5Yo/z65gn6nP/cM39PxpzqKrL7A6fP6PPw==
  dependencies:
    "@algolia/autocomplete-plugin-algolia-insights" "1.9.3"
    "@algolia/autocomplete-shared" "1.9.3"

"@algolia/autocomplete-plugin-algolia-insights@1.9.3":
  version "1.9.3"
  resolved "https://registry.yarnpkg.com/@algolia/autocomplete-plugin-algolia-insights/-/autocomplete-plugin-algolia-insights-1.9.3.tgz#9b7f8641052c8ead6d66c1623d444cbe19dde587"
  integrity sha512-a/yTUkcO/Vyy+JffmAnTWbr4/90cLzw+CC3bRbhnULr/EM0fGNvM13oQQ14f2moLMcVDyAx/leczLlAOovhSZg==
  dependencies:
    "@algolia/autocomplete-shared" "1.9.3"

"@algolia/autocomplete-preset-algolia@1.9.3":
  version "1.9.3"
  resolved "https://registry.yarnpkg.com/@algolia/autocomplete-preset-algolia/-/autocomplete-preset-algolia-1.9.3.tgz#64cca4a4304cfcad2cf730e83067e0c1b2f485da"
  integrity sha512-d4qlt6YmrLMYy95n5TB52wtNDr6EgAIPH81dvvvW8UmuWRgxEtY0NJiPwl/h95JtG2vmRM804M0DSwMCNZlzRA==
  dependencies:
    "@algolia/autocomplete-shared" "1.9.3"

"@algolia/autocomplete-shared@1.9.3":
  version "1.9.3"
  resolved "https://registry.yarnpkg.com/@algolia/autocomplete-shared/-/autocomplete-shared-1.9.3.tgz#2e22e830d36f0a9cf2c0ccd3c7f6d59435b77dfa"
  integrity sha512-Wnm9E4Ye6Rl6sTTqjoymD+l8DjSTHsHboVRYrKgEt8Q7UHm9nYbqhN/i0fhUYA3OAEH7WA8x3jfpnmJm3rKvaQ==

"@algolia/cache-browser-local-storage@4.20.0":
  version "4.20.0"
  resolved "https://registry.yarnpkg.com/@algolia/cache-browser-local-storage/-/cache-browser-local-storage-4.20.0.tgz#357318242fc542ffce41d6eb5b4a9b402921b0bb"
  integrity sha512-uujahcBt4DxduBTvYdwO3sBfHuJvJokiC3BP1+O70fglmE1ShkH8lpXqZBac1rrU3FnNYSUs4pL9lBdTKeRPOQ==
  dependencies:
    "@algolia/cache-common" "4.20.0"

"@algolia/cache-common@4.20.0":
  version "4.20.0"
  resolved "https://registry.yarnpkg.com/@algolia/cache-common/-/cache-common-4.20.0.tgz#ec52230509fce891091ffd0d890618bcdc2fa20d"
  integrity sha512-vCfxauaZutL3NImzB2G9LjLt36vKAckc6DhMp05An14kVo8F1Yofb6SIl6U3SaEz8pG2QOB9ptwM5c+zGevwIQ==

"@algolia/cache-in-memory@4.20.0":
  version "4.20.0"
  resolved "https://registry.yarnpkg.com/@algolia/cache-in-memory/-/cache-in-memory-4.20.0.tgz#5f18d057bd6b3b075022df085c4f83bcca4e3e67"
  integrity sha512-Wm9ak/IaacAZXS4mB3+qF/KCoVSBV6aLgIGFEtQtJwjv64g4ePMapORGmCyulCFwfePaRAtcaTbMcJF+voc/bg==
  dependencies:
    "@algolia/cache-common" "4.20.0"

"@algolia/client-account@4.20.0":
  version "4.20.0"
  resolved "https://registry.yarnpkg.com/@algolia/client-account/-/client-account-4.20.0.tgz#23ce0b4cffd63100fb7c1aa1c67a4494de5bd645"
  integrity sha512-GGToLQvrwo7am4zVkZTnKa72pheQeez/16sURDWm7Seyz+HUxKi3BM6fthVVPUEBhtJ0reyVtuK9ArmnaKl10Q==
  dependencies:
    "@algolia/client-common" "4.20.0"
    "@algolia/client-search" "4.20.0"
    "@algolia/transporter" "4.20.0"

"@algolia/client-analytics@4.20.0":
  version "4.20.0"
  resolved "https://registry.yarnpkg.com/@algolia/client-analytics/-/client-analytics-4.20.0.tgz#0aa6bef35d3a41ac3991b3f46fcd0bf00d276fa9"
  integrity sha512-EIr+PdFMOallRdBTHHdKI3CstslgLORQG7844Mq84ib5oVFRVASuuPmG4bXBgiDbcsMLUeOC6zRVJhv1KWI0ug==
  dependencies:
    "@algolia/client-common" "4.20.0"
    "@algolia/client-search" "4.20.0"
    "@algolia/requester-common" "4.20.0"
    "@algolia/transporter" "4.20.0"

"@algolia/client-common@4.20.0":
  version "4.20.0"
  resolved "https://registry.yarnpkg.com/@algolia/client-common/-/client-common-4.20.0.tgz#ca60f04466515548651c4371a742fbb8971790ef"
  integrity sha512-P3WgMdEss915p+knMMSd/fwiHRHKvDu4DYRrCRaBrsfFw7EQHon+EbRSm4QisS9NYdxbS04kcvNoavVGthyfqQ==
  dependencies:
    "@algolia/requester-common" "4.20.0"
    "@algolia/transporter" "4.20.0"

"@algolia/client-personalization@4.20.0":
  version "4.20.0"
  resolved "https://registry.yarnpkg.com/@algolia/client-personalization/-/client-personalization-4.20.0.tgz#ca81308e8ad0db3b27458b78355f124f29657181"
  integrity sha512-N9+zx0tWOQsLc3K4PVRDV8GUeOLAY0i445En79Pr3zWB+m67V+n/8w4Kw1C5LlbHDDJcyhMMIlqezh6BEk7xAQ==
  dependencies:
    "@algolia/client-common" "4.20.0"
    "@algolia/requester-common" "4.20.0"
    "@algolia/transporter" "4.20.0"

"@algolia/client-search@4.20.0":
  version "4.20.0"
  resolved "https://registry.yarnpkg.com/@algolia/client-search/-/client-search-4.20.0.tgz#3bcce817ca6caedc835e0eaf6f580e02ee7c3e15"
  integrity sha512-zgwqnMvhWLdpzKTpd3sGmMlr4c+iS7eyyLGiaO51zDZWGMkpgoNVmltkzdBwxOVXz0RsFMznIxB9zuarUv4TZg==
  dependencies:
    "@algolia/client-common" "4.20.0"
    "@algolia/requester-common" "4.20.0"
    "@algolia/transporter" "4.20.0"

"@algolia/logger-common@4.20.0":
  version "4.20.0"
  resolved "https://registry.yarnpkg.com/@algolia/logger-common/-/logger-common-4.20.0.tgz#f148ddf67e5d733a06213bebf7117cb8a651ab36"
  integrity sha512-xouigCMB5WJYEwvoWW5XDv7Z9f0A8VoXJc3VKwlHJw/je+3p2RcDXfksLI4G4lIVncFUYMZx30tP/rsdlvvzHQ==

"@algolia/logger-console@4.20.0":
  version "4.20.0"
  resolved "https://registry.yarnpkg.com/@algolia/logger-console/-/logger-console-4.20.0.tgz#ac443d27c4e94357f3063e675039cef0aa2de0a7"
  integrity sha512-THlIGG1g/FS63z0StQqDhT6bprUczBI8wnLT3JWvfAQDZX5P6fCg7dG+pIrUBpDIHGszgkqYEqECaKKsdNKOUA==
  dependencies:
    "@algolia/logger-common" "4.20.0"

"@algolia/requester-browser-xhr@4.20.0":
  version "4.20.0"
  resolved "https://registry.yarnpkg.com/@algolia/requester-browser-xhr/-/requester-browser-xhr-4.20.0.tgz#db16d0bdef018b93b51681d3f1e134aca4f64814"
  integrity sha512-HbzoSjcjuUmYOkcHECkVTwAelmvTlgs48N6Owt4FnTOQdwn0b8pdht9eMgishvk8+F8bal354nhx/xOoTfwiAw==
  dependencies:
    "@algolia/requester-common" "4.20.0"

"@algolia/requester-common@4.20.0":
  version "4.20.0"
  resolved "https://registry.yarnpkg.com/@algolia/requester-common/-/requester-common-4.20.0.tgz#65694b2263a8712b4360fef18680528ffd435b5c"
  integrity sha512-9h6ye6RY/BkfmeJp7Z8gyyeMrmmWsMOCRBXQDs4mZKKsyVlfIVICpcSibbeYcuUdurLhIlrOUkH3rQEgZzonng==

"@algolia/requester-node-http@4.20.0":
  version "4.20.0"
  resolved "https://registry.yarnpkg.com/@algolia/requester-node-http/-/requester-node-http-4.20.0.tgz#b52b182b52b0b16dec4070832267d484a6b1d5bb"
  integrity sha512-ocJ66L60ABSSTRFnCHIEZpNHv6qTxsBwJEPfYaSBsLQodm0F9ptvalFkHMpvj5DfE22oZrcrLbOYM2bdPJRHng==
  dependencies:
    "@algolia/requester-common" "4.20.0"

"@algolia/transporter@4.20.0":
  version "4.20.0"
  resolved "https://registry.yarnpkg.com/@algolia/transporter/-/transporter-4.20.0.tgz#7e5b24333d7cc9a926b2f6a249f87c2889b944a9"
  integrity sha512-Lsii1pGWOAISbzeyuf+r/GPhvHMPHSPrTDWNcIzOE1SG1inlJHICaVe2ikuoRjcpgxZNU54Jl+if15SUCsaTUg==
  dependencies:
    "@algolia/cache-common" "4.20.0"
    "@algolia/logger-common" "4.20.0"
    "@algolia/requester-common" "4.20.0"

"@babel/parser@^7.20.15", "@babel/parser@^7.21.3":
  version "7.21.8"
  resolved "https://registry.yarnpkg.com/@babel/parser/-/parser-7.21.8.tgz#642af7d0333eab9c0ad70b14ac5e76dbde7bfdf8"
  integrity sha512-6zavDGdzG3gUqAdWvlLFfk+36RilI+Pwyuuh7HItyeScCWP3k6i8vKclAQ0bM/0y/Kz/xiwvxhMv9MgTJP5gmA==

"@babel/parser@^7.23.0":
  version "7.23.0"
  resolved "https://registry.yarnpkg.com/@babel/parser/-/parser-7.23.0.tgz#da950e622420bf96ca0d0f2909cdddac3acd8719"
  integrity sha512-vvPKKdMemU85V9WE/l5wZEmImpCtLqbnTvqDS2U1fJ96KrxoW7KrXhNsNCblQlg8Ck4b85yxdTyelsMUgFUXiw==

"@docsearch/css@3.5.2", "@docsearch/css@^3.5.2":
  version "3.5.2"
  resolved "https://registry.yarnpkg.com/@docsearch/css/-/css-3.5.2.tgz#610f47b48814ca94041df969d9fcc47b91fc5aac"
  integrity sha512-SPiDHaWKQZpwR2siD0KQUwlStvIAnEyK6tAE2h2Wuoq8ue9skzhlyVQ1ddzOxX6khULnAALDiR/isSF3bnuciA==

"@docsearch/js@^3.5.2":
  version "3.5.2"
  resolved "https://registry.yarnpkg.com/@docsearch/js/-/js-3.5.2.tgz#a11cb2e7e62890e9e940283fed6972ecf632629d"
  integrity sha512-p1YFTCDflk8ieHgFJYfmyHBki1D61+U9idwrLh+GQQMrBSP3DLGKpy0XUJtPjAOPltcVbqsTjiPFfH7JImjUNg==
  dependencies:
    "@docsearch/react" "3.5.2"
    preact "^10.0.0"

"@docsearch/react@3.5.2":
  version "3.5.2"
  resolved "https://registry.yarnpkg.com/@docsearch/react/-/react-3.5.2.tgz#2e6bbee00eb67333b64906352734da6aef1232b9"
  integrity sha512-9Ahcrs5z2jq/DcAvYtvlqEBHImbm4YJI8M9y0x6Tqg598P40HTEkX7hsMcIuThI+hTFxRGZ9hll0Wygm2yEjng==
  dependencies:
    "@algolia/autocomplete-core" "1.9.3"
    "@algolia/autocomplete-preset-algolia" "1.9.3"
    "@docsearch/css" "3.5.2"
    algoliasearch "^4.19.1"

"@esbuild/android-arm64@0.18.17":
  version "0.18.17"
  resolved "https://registry.yarnpkg.com/@esbuild/android-arm64/-/android-arm64-0.18.17.tgz#9e00eb6865ed5f2dbe71a1e96f2c52254cd92903"
  integrity sha512-9np+YYdNDed5+Jgr1TdWBsozZ85U1Oa3xW0c7TWqH0y2aGghXtZsuT8nYRbzOMcl0bXZXjOGbksoTtVOlWrRZg==

"@esbuild/android-arm@0.18.17":
  version "0.18.17"
  resolved "https://registry.yarnpkg.com/@esbuild/android-arm/-/android-arm-0.18.17.tgz#1aa013b65524f4e9f794946b415b32ae963a4618"
  integrity sha512-wHsmJG/dnL3OkpAcwbgoBTTMHVi4Uyou3F5mf58ZtmUyIKfcdA7TROav/6tCzET4A3QW2Q2FC+eFneMU+iyOxg==

"@esbuild/android-x64@0.18.17":
  version "0.18.17"
  resolved "https://registry.yarnpkg.com/@esbuild/android-x64/-/android-x64-0.18.17.tgz#c2bd0469b04ded352de011fae34a7a1d4dcecb79"
  integrity sha512-O+FeWB/+xya0aLg23hHEM2E3hbfwZzjqumKMSIqcHbNvDa+dza2D0yLuymRBQQnC34CWrsJUXyH2MG5VnLd6uw==

"@esbuild/darwin-arm64@0.18.17":
  version "0.18.17"
  resolved "https://registry.yarnpkg.com/@esbuild/darwin-arm64/-/darwin-arm64-0.18.17.tgz#0c21a59cb5bd7a2cec66c7a42431dca42aefeddd"
  integrity sha512-M9uJ9VSB1oli2BE/dJs3zVr9kcCBBsE883prage1NWz6pBS++1oNn/7soPNS3+1DGj0FrkSvnED4Bmlu1VAE9g==

"@esbuild/darwin-x64@0.18.17":
  version "0.18.17"
  resolved "https://registry.yarnpkg.com/@esbuild/darwin-x64/-/darwin-x64-0.18.17.tgz#92f8763ff6f97dff1c28a584da7b51b585e87a7b"
  integrity sha512-XDre+J5YeIJDMfp3n0279DFNrGCXlxOuGsWIkRb1NThMZ0BsrWXoTg23Jer7fEXQ9Ye5QjrvXpxnhzl3bHtk0g==

"@esbuild/freebsd-arm64@0.18.17":
  version "0.18.17"
  resolved "https://registry.yarnpkg.com/@esbuild/freebsd-arm64/-/freebsd-arm64-0.18.17.tgz#934f74bdf4022e143ba2f21d421b50fd0fead8f8"
  integrity sha512-cjTzGa3QlNfERa0+ptykyxs5A6FEUQQF0MuilYXYBGdBxD3vxJcKnzDlhDCa1VAJCmAxed6mYhA2KaJIbtiNuQ==

"@esbuild/freebsd-x64@0.18.17":
  version "0.18.17"
  resolved "https://registry.yarnpkg.com/@esbuild/freebsd-x64/-/freebsd-x64-0.18.17.tgz#16b6e90ba26ecc865eab71c56696258ec7f5d8bf"
  integrity sha512-sOxEvR8d7V7Kw8QqzxWc7bFfnWnGdaFBut1dRUYtu+EIRXefBc/eIsiUiShnW0hM3FmQ5Zf27suDuHsKgZ5QrA==

"@esbuild/linux-arm64@0.18.17":
  version "0.18.17"
  resolved "https://registry.yarnpkg.com/@esbuild/linux-arm64/-/linux-arm64-0.18.17.tgz#179a58e8d4c72116eb068563629349f8f4b48072"
  integrity sha512-c9w3tE7qA3CYWjT+M3BMbwMt+0JYOp3vCMKgVBrCl1nwjAlOMYzEo+gG7QaZ9AtqZFj5MbUc885wuBBmu6aADQ==

"@esbuild/linux-arm@0.18.17":
  version "0.18.17"
  resolved "https://registry.yarnpkg.com/@esbuild/linux-arm/-/linux-arm-0.18.17.tgz#9d78cf87a310ae9ed985c3915d5126578665c7b5"
  integrity sha512-2d3Lw6wkwgSLC2fIvXKoMNGVaeY8qdN0IC3rfuVxJp89CRfA3e3VqWifGDfuakPmp90+ZirmTfye1n4ncjv2lg==

"@esbuild/linux-ia32@0.18.17":
  version "0.18.17"
  resolved "https://registry.yarnpkg.com/@esbuild/linux-ia32/-/linux-ia32-0.18.17.tgz#6fed202602d37361bca376c9d113266a722a908c"
  integrity sha512-1DS9F966pn5pPnqXYz16dQqWIB0dmDfAQZd6jSSpiT9eX1NzKh07J6VKR3AoXXXEk6CqZMojiVDSZi1SlmKVdg==

"@esbuild/linux-loong64@0.18.17":
  version "0.18.17"
  resolved "https://registry.yarnpkg.com/@esbuild/linux-loong64/-/linux-loong64-0.18.17.tgz#cdc60304830be1e74560c704bfd72cab8a02fa06"
  integrity sha512-EvLsxCk6ZF0fpCB6w6eOI2Fc8KW5N6sHlIovNe8uOFObL2O+Mr0bflPHyHwLT6rwMg9r77WOAWb2FqCQrVnwFg==

"@esbuild/linux-mips64el@0.18.17":
  version "0.18.17"
  resolved "https://registry.yarnpkg.com/@esbuild/linux-mips64el/-/linux-mips64el-0.18.17.tgz#c367b2855bb0902f5576291a2049812af2088086"
  integrity sha512-e0bIdHA5p6l+lwqTE36NAW5hHtw2tNRmHlGBygZC14QObsA3bD4C6sXLJjvnDIjSKhW1/0S3eDy+QmX/uZWEYQ==

"@esbuild/linux-ppc64@0.18.17":
  version "0.18.17"
  resolved "https://registry.yarnpkg.com/@esbuild/linux-ppc64/-/linux-ppc64-0.18.17.tgz#7fdc0083d42d64a4651711ee0a7964f489242f45"
  integrity sha512-BAAilJ0M5O2uMxHYGjFKn4nJKF6fNCdP1E0o5t5fvMYYzeIqy2JdAP88Az5LHt9qBoUa4tDaRpfWt21ep5/WqQ==

"@esbuild/linux-riscv64@0.18.17":
  version "0.18.17"
  resolved "https://registry.yarnpkg.com/@esbuild/linux-riscv64/-/linux-riscv64-0.18.17.tgz#5198a417f3f5b86b10c95647b8bc032e5b6b2b1c"
  integrity sha512-Wh/HW2MPnC3b8BqRSIme/9Zhab36PPH+3zam5pqGRH4pE+4xTrVLx2+XdGp6fVS3L2x+DrsIcsbMleex8fbE6g==

"@esbuild/linux-s390x@0.18.17":
  version "0.18.17"
  resolved "https://registry.yarnpkg.com/@esbuild/linux-s390x/-/linux-s390x-0.18.17.tgz#7459c2fecdee2d582f0697fb76a4041f4ad1dd1e"
  integrity sha512-j/34jAl3ul3PNcK3pfI0NSlBANduT2UO5kZ7FCaK33XFv3chDhICLY8wJJWIhiQ+YNdQ9dxqQctRg2bvrMlYgg==

"@esbuild/linux-x64@0.18.17":
  version "0.18.17"
  resolved "https://registry.yarnpkg.com/@esbuild/linux-x64/-/linux-x64-0.18.17.tgz#948cdbf46d81c81ebd7225a7633009bc56a4488c"
  integrity sha512-QM50vJ/y+8I60qEmFxMoxIx4de03pGo2HwxdBeFd4nMh364X6TIBZ6VQ5UQmPbQWUVWHWws5MmJXlHAXvJEmpQ==

"@esbuild/netbsd-x64@0.18.17":
  version "0.18.17"
  resolved "https://registry.yarnpkg.com/@esbuild/netbsd-x64/-/netbsd-x64-0.18.17.tgz#6bb89668c0e093c5a575ded08e1d308bd7fd63e7"
  integrity sha512-/jGlhWR7Sj9JPZHzXyyMZ1RFMkNPjC6QIAan0sDOtIo2TYk3tZn5UDrkE0XgsTQCxWTTOcMPf9p6Rh2hXtl5TQ==

"@esbuild/openbsd-x64@0.18.17":
  version "0.18.17"
  resolved "https://registry.yarnpkg.com/@esbuild/openbsd-x64/-/openbsd-x64-0.18.17.tgz#abac2ae75fef820ef6c2c48da4666d092584c79d"
  integrity sha512-rSEeYaGgyGGf4qZM2NonMhMOP/5EHp4u9ehFiBrg7stH6BYEEjlkVREuDEcQ0LfIl53OXLxNbfuIj7mr5m29TA==

"@esbuild/sunos-x64@0.18.17":
  version "0.18.17"
  resolved "https://registry.yarnpkg.com/@esbuild/sunos-x64/-/sunos-x64-0.18.17.tgz#74a45fe1db8ea96898f1a9bb401dcf1dadfc8371"
  integrity sha512-Y7ZBbkLqlSgn4+zot4KUNYst0bFoO68tRgI6mY2FIM+b7ZbyNVtNbDP5y8qlu4/knZZ73fgJDlXID+ohY5zt5g==

"@esbuild/win32-arm64@0.18.17":
  version "0.18.17"
  resolved "https://registry.yarnpkg.com/@esbuild/win32-arm64/-/win32-arm64-0.18.17.tgz#fd95ffd217995589058a4ed8ac17ee72a3d7f615"
  integrity sha512-bwPmTJsEQcbZk26oYpc4c/8PvTY3J5/QK8jM19DVlEsAB41M39aWovWoHtNm78sd6ip6prilxeHosPADXtEJFw==

"@esbuild/win32-ia32@0.18.17":
  version "0.18.17"
  resolved "https://registry.yarnpkg.com/@esbuild/win32-ia32/-/win32-ia32-0.18.17.tgz#9b7ef5d0df97593a80f946b482e34fcba3fa4aaf"
  integrity sha512-H/XaPtPKli2MhW+3CQueo6Ni3Avggi6hP/YvgkEe1aSaxw+AeO8MFjq8DlgfTd9Iz4Yih3QCZI6YLMoyccnPRg==

"@esbuild/win32-x64@0.18.17":
  version "0.18.17"
  resolved "https://registry.yarnpkg.com/@esbuild/win32-x64/-/win32-x64-0.18.17.tgz#bcb2e042631b3c15792058e189ed879a22b2968b"
  integrity sha512-fGEb8f2BSA3CW7riJVurug65ACLuQAzKq0SSqkY2b2yHHH0MzDfbLyKIGzHwOI/gkHcxM/leuSW6D5w/LMNitA==

"@jridgewell/sourcemap-codec@^1.4.13", "@jridgewell/sourcemap-codec@^1.4.15":
  version "1.4.15"
  resolved "https://registry.yarnpkg.com/@jridgewell/sourcemap-codec/-/sourcemap-codec-1.4.15.tgz#d7c6e6755c78567a951e04ab52ef0fd26de59f32"
  integrity sha512-eF2rxCRulEKXHTRiDrDy6erMYWqNw4LPdQ8UQA4huuxaQsVeRPFl2oM8oDGxMFhJUWZf9McpLtJasDDZb/Bpeg==

"@types/linkify-it@*":
  version "3.0.4"
  resolved "https://registry.yarnpkg.com/@types/linkify-it/-/linkify-it-3.0.4.tgz#def6a9bb0ce78140860602f16ace37a9997f086a"
  integrity sha512-hPpIeeHb/2UuCw06kSNAOVWgehBLXEo0/fUs0mw3W2qhqX89PI2yvok83MnuctYGCPrabGIoi0fFso4DQ+sNUQ==

"@types/markdown-it@^13.0.4":
  version "13.0.5"
  resolved "https://registry.yarnpkg.com/@types/markdown-it/-/markdown-it-13.0.5.tgz#b5bba2af9ee8473409fe1571ec036417cb1e98fa"
  integrity sha512-QhJP7hkq3FCrFNx0szMNCT/79CXfcEgUIA3jc5GBfeXqoKsk3R8JZm2wRXJ2DiyjbPE4VMFOSDemLFcUTZmHEQ==
  dependencies:
    "@types/linkify-it" "*"
    "@types/mdurl" "*"

"@types/mdurl@*":
  version "1.0.4"
  resolved "https://registry.yarnpkg.com/@types/mdurl/-/mdurl-1.0.4.tgz#574bfbec51eb41ab5f444116c8555bc4347feba5"
  integrity sha512-ARVxjAEX5TARFRzpDRVC6cEk0hUIXCCwaMhz8y7S1/PxU6zZS1UMjyobz7q4w/D/R552r4++EhwmXK1N2rAy0A==

"@types/web-bluetooth@^0.0.18":
  version "0.0.18"
  resolved "https://registry.yarnpkg.com/@types/web-bluetooth/-/web-bluetooth-0.0.18.tgz#74bd1c8fd3a2058cb6fc76b188fcded50a83d866"
  integrity sha512-v/ZHEj9xh82usl8LMR3GarzFY1IrbXJw5L4QfQhokjRV91q+SelFqxQWSep1ucXEZ22+dSTwLFkXeur25sPIbw==

"@vitejs/plugin-vue@4.3.1":
  version "4.3.1"
  resolved "https://registry.yarnpkg.com/@vitejs/plugin-vue/-/plugin-vue-4.3.1.tgz#635cf512dd1d5c78adf9e24615696e4918cd9d88"
  integrity sha512-tUBEtWcF7wFtII7ayNiLNDTCE1X1afySEo+XNVMNkFXaThENyCowIEX095QqbJZGTgoOcSVDJGlnde2NG4jtbQ==

"@vue/compiler-core@3.3.4":
  version "3.3.4"
  resolved "https://registry.yarnpkg.com/@vue/compiler-core/-/compiler-core-3.3.4.tgz#7fbf591c1c19e1acd28ffd284526e98b4f581128"
  integrity sha512-cquyDNvZ6jTbf/+x+AgM2Arrp6G4Dzbb0R64jiG804HRMfRiFXWI6kqUVqZ6ZR0bQhIoQjB4+2bhNtVwndW15g==
  dependencies:
    "@babel/parser" "^7.21.3"
    "@vue/shared" "3.3.4"
    estree-walker "^2.0.2"
    source-map-js "^1.0.2"

"@vue/compiler-core@3.3.7":
  version "3.3.7"
  resolved "https://registry.yarnpkg.com/@vue/compiler-core/-/compiler-core-3.3.7.tgz#865a5734c971686d9737d85a0c5a08de045b6162"
  integrity sha512-pACdY6YnTNVLXsB86YD8OF9ihwpolzhhtdLVHhBL6do/ykr6kKXNYABRtNMGrsQXpEXXyAdwvWWkuTbs4MFtPQ==
  dependencies:
    "@babel/parser" "^7.23.0"
    "@vue/shared" "3.3.7"
    estree-walker "^2.0.2"
    source-map-js "^1.0.2"

"@vue/compiler-dom@3.3.4":
  version "3.3.4"
  resolved "https://registry.yarnpkg.com/@vue/compiler-dom/-/compiler-dom-3.3.4.tgz#f56e09b5f4d7dc350f981784de9713d823341151"
  integrity sha512-wyM+OjOVpuUukIq6p5+nwHYtj9cFroz9cwkfmP9O1nzH68BenTTv0u7/ndggT8cIQlnBeOo6sUT/gvHcIkLA5w==
  dependencies:
    "@vue/compiler-core" "3.3.4"
    "@vue/shared" "3.3.4"

"@vue/compiler-dom@3.3.7":
  version "3.3.7"
  resolved "https://registry.yarnpkg.com/@vue/compiler-dom/-/compiler-dom-3.3.7.tgz#a245aa03f9bfcdb537a239bf02842072de0644c9"
  integrity sha512-0LwkyJjnUPssXv/d1vNJ0PKfBlDoQs7n81CbO6Q0zdL7H1EzqYRrTVXDqdBVqro0aJjo/FOa1qBAPVI4PGSHBw==
  dependencies:
    "@vue/compiler-core" "3.3.7"
    "@vue/shared" "3.3.7"

"@vue/compiler-sfc@3.3.4":
  version "3.3.4"
  resolved "https://registry.yarnpkg.com/@vue/compiler-sfc/-/compiler-sfc-3.3.4.tgz#b19d942c71938893535b46226d602720593001df"
  integrity sha512-6y/d8uw+5TkCuzBkgLS0v3lSM3hJDntFEiUORM11pQ/hKvkhSKZrXW6i69UyXlJQisJxuUEJKAWEqWbWsLeNKQ==
  dependencies:
    "@babel/parser" "^7.20.15"
    "@vue/compiler-core" "3.3.4"
    "@vue/compiler-dom" "3.3.4"
    "@vue/compiler-ssr" "3.3.4"
    "@vue/reactivity-transform" "3.3.4"
    "@vue/shared" "3.3.4"
    estree-walker "^2.0.2"
    magic-string "^0.30.0"
    postcss "^8.1.10"
    source-map-js "^1.0.2"

"@vue/compiler-sfc@3.3.7":
  version "3.3.7"
  resolved "https://registry.yarnpkg.com/@vue/compiler-sfc/-/compiler-sfc-3.3.7.tgz#219d04b3013c7b15fbc536e2279e07810b731cc2"
  integrity sha512-7pfldWy/J75U/ZyYIXRVqvLRw3vmfxDo2YLMwVtWVNew8Sm8d6wodM+OYFq4ll/UxfqVr0XKiVwti32PCrruAw==
  dependencies:
    "@babel/parser" "^7.23.0"
    "@vue/compiler-core" "3.3.7"
    "@vue/compiler-dom" "3.3.7"
    "@vue/compiler-ssr" "3.3.7"
    "@vue/reactivity-transform" "3.3.7"
    "@vue/shared" "3.3.7"
    estree-walker "^2.0.2"
    magic-string "^0.30.5"
    postcss "^8.4.31"
    source-map-js "^1.0.2"

"@vue/compiler-ssr@3.3.4":
  version "3.3.4"
  resolved "https://registry.yarnpkg.com/@vue/compiler-ssr/-/compiler-ssr-3.3.4.tgz#9d1379abffa4f2b0cd844174ceec4a9721138777"
  integrity sha512-m0v6oKpup2nMSehwA6Uuu+j+wEwcy7QmwMkVNVfrV9P2qE5KshC6RwOCq8fjGS/Eak/uNb8AaWekfiXxbBB6gQ==
  dependencies:
    "@vue/compiler-dom" "3.3.4"
    "@vue/shared" "3.3.4"

"@vue/compiler-ssr@3.3.7":
  version "3.3.7"
  resolved "https://registry.yarnpkg.com/@vue/compiler-ssr/-/compiler-ssr-3.3.7.tgz#eff4a70f7ceb800d60e68d208b96a030c0f1b636"
  integrity sha512-TxOfNVVeH3zgBc82kcUv+emNHo+vKnlRrkv8YvQU5+Y5LJGJwSNzcmLUoxD/dNzv0bhQ/F0s+InlgV0NrApJZg==
  dependencies:
    "@vue/compiler-dom" "3.3.7"
    "@vue/shared" "3.3.7"

"@vue/devtools-api@^6.5.1":
  version "6.5.1"
  resolved "https://registry.yarnpkg.com/@vue/devtools-api/-/devtools-api-6.5.1.tgz#7f71f31e40973eeee65b9a64382b13593fdbd697"
  integrity sha512-+KpckaAQyfbvshdDW5xQylLni1asvNSGme1JFs8I1+/H5pHEhqUKMEQD/qn3Nx5+/nycBq11qAEi8lk+LXI2dA==

"@vue/reactivity-transform@3.3.4":
  version "3.3.4"
  resolved "https://registry.yarnpkg.com/@vue/reactivity-transform/-/reactivity-transform-3.3.4.tgz#52908476e34d6a65c6c21cd2722d41ed8ae51929"
  integrity sha512-MXgwjako4nu5WFLAjpBnCj/ieqcjE2aJBINUNQzkZQfzIZA4xn+0fV1tIYBJvvva3N3OvKGofRLvQIwEQPpaXw==
  dependencies:
    "@babel/parser" "^7.20.15"
    "@vue/compiler-core" "3.3.4"
    "@vue/shared" "3.3.4"
    estree-walker "^2.0.2"
    magic-string "^0.30.0"

"@vue/reactivity-transform@3.3.7":
  version "3.3.7"
  resolved "https://registry.yarnpkg.com/@vue/reactivity-transform/-/reactivity-transform-3.3.7.tgz#eb9f5110af5085079b851d162205394bc790d539"
  integrity sha512-APhRmLVbgE1VPGtoLQoWBJEaQk4V8JUsqrQihImVqKT+8U6Qi3t5ATcg4Y9wGAPb3kIhetpufyZ1RhwbZCIdDA==
  dependencies:
    "@babel/parser" "^7.23.0"
    "@vue/compiler-core" "3.3.7"
    "@vue/shared" "3.3.7"
    estree-walker "^2.0.2"
    magic-string "^0.30.5"

"@vue/reactivity@3.3.4":
  version "3.3.4"
  resolved "https://registry.yarnpkg.com/@vue/reactivity/-/reactivity-3.3.4.tgz#a27a29c6cd17faba5a0e99fbb86ee951653e2253"
  integrity sha512-kLTDLwd0B1jG08NBF3R5rqULtv/f8x3rOFByTDz4J53ttIQEDmALqKqXY0J+XQeN0aV2FBxY8nJDf88yvOPAqQ==
  dependencies:
    "@vue/shared" "3.3.4"

"@vue/reactivity@3.3.7":
  version "3.3.7"
  resolved "https://registry.yarnpkg.com/@vue/reactivity/-/reactivity-3.3.7.tgz#48b6671a45ba33039da2c0eb25ae702f924486a9"
  integrity sha512-cZNVjWiw00708WqT0zRpyAgduG79dScKEPYJXq2xj/aMtk3SKvL3FBt2QKUlh6EHBJ1m8RhBY+ikBUzwc7/khg==
  dependencies:
    "@vue/shared" "3.3.7"

"@vue/runtime-core@3.3.4":
  version "3.3.4"
  resolved "https://registry.yarnpkg.com/@vue/runtime-core/-/runtime-core-3.3.4.tgz#4bb33872bbb583721b340f3088888394195967d1"
  integrity sha512-R+bqxMN6pWO7zGI4OMlmvePOdP2c93GsHFM/siJI7O2nxFRzj55pLwkpCedEY+bTMgp5miZ8CxfIZo3S+gFqvA==
  dependencies:
    "@vue/reactivity" "3.3.4"
    "@vue/shared" "3.3.4"

"@vue/runtime-core@3.3.7":
  version "3.3.7"
  resolved "https://registry.yarnpkg.com/@vue/runtime-core/-/runtime-core-3.3.7.tgz#c1eece1c98f936dc69dd0667d11b464579b128fd"
  integrity sha512-LHq9du3ubLZFdK/BP0Ysy3zhHqRfBn80Uc+T5Hz3maFJBGhci1MafccnL3rpd5/3wVfRHAe6c+PnlO2PAavPTQ==
  dependencies:
    "@vue/reactivity" "3.3.7"
    "@vue/shared" "3.3.7"

"@vue/runtime-dom@3.3.4":
  version "3.3.4"
  resolved "https://registry.yarnpkg.com/@vue/runtime-dom/-/runtime-dom-3.3.4.tgz#992f2579d0ed6ce961f47bbe9bfe4b6791251566"
  integrity sha512-Aj5bTJ3u5sFsUckRghsNjVTtxZQ1OyMWCr5dZRAPijF/0Vy4xEoRCwLyHXcj4D0UFbJ4lbx3gPTgg06K/GnPnQ==
  dependencies:
    "@vue/runtime-core" "3.3.4"
    "@vue/shared" "3.3.4"
    csstype "^3.1.1"

"@vue/runtime-dom@3.3.7":
  version "3.3.7"
  resolved "https://registry.yarnpkg.com/@vue/runtime-dom/-/runtime-dom-3.3.7.tgz#e7cf88cc01591fdf6e3164825554fdadc3137ffc"
  integrity sha512-PFQU1oeJxikdDmrfoNQay5nD4tcPNYixUBruZzVX/l0eyZvFKElZUjW4KctCcs52nnpMGO6UDK+jF5oV4GT5Lw==
  dependencies:
    "@vue/runtime-core" "3.3.7"
    "@vue/shared" "3.3.7"
    csstype "^3.1.2"

"@vue/server-renderer@3.3.4":
  version "3.3.4"
  resolved "https://registry.yarnpkg.com/@vue/server-renderer/-/server-renderer-3.3.4.tgz#ea46594b795d1536f29bc592dd0f6655f7ea4c4c"
  integrity sha512-Q6jDDzR23ViIb67v+vM1Dqntu+HUexQcsWKhhQa4ARVzxOY2HbC7QRW/ggkDBd5BU+uM1sV6XOAP0b216o34JQ==
  dependencies:
    "@vue/compiler-ssr" "3.3.4"
    "@vue/shared" "3.3.4"

"@vue/server-renderer@3.3.7":
  version "3.3.7"
  resolved "https://registry.yarnpkg.com/@vue/server-renderer/-/server-renderer-3.3.7.tgz#0cc3dc6ad39a54693e6e8f853caa3c7bb43b0364"
  integrity sha512-UlpKDInd1hIZiNuVVVvLgxpfnSouxKQOSE2bOfQpBuGwxRV/JqqTCyyjXUWiwtVMyeRaZhOYYqntxElk8FhBhw==
  dependencies:
    "@vue/compiler-ssr" "3.3.7"
    "@vue/shared" "3.3.7"

"@vue/shared@3.3.4":
  version "3.3.4"
  resolved "https://registry.yarnpkg.com/@vue/shared/-/shared-3.3.4.tgz#06e83c5027f464eef861c329be81454bc8b70780"
  integrity sha512-7OjdcV8vQ74eiz1TZLzZP4JwqM5fA94K6yntPS5Z25r9HDuGNzaGdgvwKYq6S+MxwF0TFRwe50fIR/MYnakdkQ==

"@vue/shared@3.3.7":
  version "3.3.7"
  resolved "https://registry.yarnpkg.com/@vue/shared/-/shared-3.3.7.tgz#0091852fe5cc4237c8440fe32f3ab6bc920ae6d9"
  integrity sha512-N/tbkINRUDExgcPTBvxNkvHGu504k8lzlNQRITVnm6YjOjwa4r0nnbd4Jb01sNpur5hAllyRJzSK5PvB9PPwRg==

"@vueuse/core@10.5.0", "@vueuse/core@^10.5.0":
  version "10.5.0"
  resolved "https://registry.yarnpkg.com/@vueuse/core/-/core-10.5.0.tgz#04d1e6d26592bb997bb755a4830ea7583c3e8612"
  integrity sha512-z/tI2eSvxwLRjOhDm0h/SXAjNm8N5ld6/SC/JQs6o6kpJ6Ya50LnEL8g5hoYu005i28L0zqB5L5yAl8Jl26K3A==
  dependencies:
    "@types/web-bluetooth" "^0.0.18"
    "@vueuse/metadata" "10.5.0"
    "@vueuse/shared" "10.5.0"
    vue-demi ">=0.14.6"

"@vueuse/integrations@^10.5.0":
  version "10.5.0"
  resolved "https://registry.yarnpkg.com/@vueuse/integrations/-/integrations-10.5.0.tgz#38f00bd5a1cd0160645f0c75efd5d9579061e3d6"
  integrity sha512-fm5sXLCK0Ww3rRnzqnCQRmfjDURaI4xMsx+T+cec0ngQqHx/JgUtm8G0vRjwtonIeTBsH1Q8L3SucE+7K7upJQ==
  dependencies:
    "@vueuse/core" "10.5.0"
    "@vueuse/shared" "10.5.0"
    vue-demi ">=0.14.6"

"@vueuse/metadata@10.5.0":
  version "10.5.0"
  resolved "https://registry.yarnpkg.com/@vueuse/metadata/-/metadata-10.5.0.tgz#7501a88cf5cbf7a515a03f0b8bbe3cecf30cad11"
  integrity sha512-fEbElR+MaIYyCkeM0SzWkdoMtOpIwO72x8WsZHRE7IggiOlILttqttM69AS13nrDxosnDBYdyy3C5mR1LCxHsw==

"@vueuse/shared@10.5.0":
  version "10.5.0"
  resolved "https://registry.yarnpkg.com/@vueuse/shared/-/shared-10.5.0.tgz#b3ac8c190a5dae41db5e1b60fe304a9b4247393c"
  integrity sha512-18iyxbbHYLst9MqU1X1QNdMHIjks6wC7XTVf0KNOv5es/Ms6gjVFCAAWTVP2JStuGqydg3DT+ExpFORUEi9yhg==
  dependencies:
    vue-demi ">=0.14.6"

algoliasearch@^4.19.1:
  version "4.20.0"
  resolved "https://registry.yarnpkg.com/algoliasearch/-/algoliasearch-4.20.0.tgz#700c2cb66e14f8a288460036c7b2a554d0d93cf4"
  integrity sha512-y+UHEjnOItoNy0bYO+WWmLWBlPwDjKHW6mNHrPi0NkuhpQOOEbrkwQH/wgKFDLh7qlKjzoKeiRtlpewDPDG23g==
  dependencies:
    "@algolia/cache-browser-local-storage" "4.20.0"
    "@algolia/cache-common" "4.20.0"
    "@algolia/cache-in-memory" "4.20.0"
    "@algolia/client-account" "4.20.0"
    "@algolia/client-analytics" "4.20.0"
    "@algolia/client-common" "4.20.0"
    "@algolia/client-personalization" "4.20.0"
    "@algolia/client-search" "4.20.0"
    "@algolia/logger-common" "4.20.0"
    "@algolia/logger-console" "4.20.0"
    "@algolia/requester-browser-xhr" "4.20.0"
    "@algolia/requester-common" "4.20.0"
    "@algolia/requester-node-http" "4.20.0"
    "@algolia/transporter" "4.20.0"

ansi-sequence-parser@^1.1.0:
  version "1.1.0"
  resolved "https://registry.yarnpkg.com/ansi-sequence-parser/-/ansi-sequence-parser-1.1.0.tgz#4d790f31236ac20366b23b3916b789e1bde39aed"
  integrity sha512-lEm8mt52to2fT8GhciPCGeCXACSz2UwIN4X2e2LJSnZ5uAbn2/dsYdOmUXq0AtWS5cpAupysIneExOgH0Vd2TQ==

csstype@^3.1.1, csstype@^3.1.2:
  version "3.1.2"
  resolved "https://registry.yarnpkg.com/csstype/-/csstype-3.1.2.tgz#1d4bf9d572f11c14031f0436e1c10bc1f571f50b"
  integrity sha512-I7K1Uu0MBPzaFKg4nI5Q7Vs2t+3gWWW648spaF+Rg7pI9ds18Ugn+lvg4SHczUdKlHI5LWBXyqfS8+DufyBsgQ==

esbuild@^0.18.10:
  version "0.18.17"
  resolved "https://registry.yarnpkg.com/esbuild/-/esbuild-0.18.17.tgz#2aaf6bc6759b0c605777fdc435fea3969e091cad"
  integrity sha512-1GJtYnUxsJreHYA0Y+iQz2UEykonY66HNWOb0yXYZi9/kNrORUEHVg87eQsCtqh59PEJ5YVZJO98JHznMJSWjg==
  optionalDependencies:
    "@esbuild/android-arm" "0.18.17"
    "@esbuild/android-arm64" "0.18.17"
    "@esbuild/android-x64" "0.18.17"
    "@esbuild/darwin-arm64" "0.18.17"
    "@esbuild/darwin-x64" "0.18.17"
    "@esbuild/freebsd-arm64" "0.18.17"
    "@esbuild/freebsd-x64" "0.18.17"
    "@esbuild/linux-arm" "0.18.17"
    "@esbuild/linux-arm64" "0.18.17"
    "@esbuild/linux-ia32" "0.18.17"
    "@esbuild/linux-loong64" "0.18.17"
    "@esbuild/linux-mips64el" "0.18.17"
    "@esbuild/linux-ppc64" "0.18.17"
    "@esbuild/linux-riscv64" "0.18.17"
    "@esbuild/linux-s390x" "0.18.17"
    "@esbuild/linux-x64" "0.18.17"
    "@esbuild/netbsd-x64" "0.18.17"
    "@esbuild/openbsd-x64" "0.18.17"
    "@esbuild/sunos-x64" "0.18.17"
    "@esbuild/win32-arm64" "0.18.17"
    "@esbuild/win32-ia32" "0.18.17"
    "@esbuild/win32-x64" "0.18.17"

estree-walker@^2.0.2:
  version "2.0.2"
  resolved "https://registry.yarnpkg.com/estree-walker/-/estree-walker-2.0.2.tgz#52f010178c2a4c117a7757cfe942adb7d2da4cac"
  integrity sha512-Rfkk/Mp/DL7JVje3u18FxFujQlTNR2q6QfMSMB7AvCBx91NGj/ba3kCfza0f6dVDbw7YlRf/nDrn7pQrCCyQ/w==

focus-trap@^7.5.4:
  version "7.5.4"
  resolved "https://registry.yarnpkg.com/focus-trap/-/focus-trap-7.5.4.tgz#6c4e342fe1dae6add9c2aa332a6e7a0bbd495ba2"
  integrity sha512-N7kHdlgsO/v+iD/dMoJKtsSqs5Dz/dXZVebRgJw23LDk+jMi/974zyiOYDziY2JPp8xivq9BmUGwIJMiuSBi7w==
  dependencies:
    tabbable "^6.2.0"

fsevents@~2.3.2:
  version "2.3.2"
  resolved "https://registry.yarnpkg.com/fsevents/-/fsevents-2.3.2.tgz#8a526f78b8fdf4623b709e0b975c52c24c02fd1a"
  integrity sha512-xiqMQR4xAeHTuB9uWm+fFRcIOgKBMiOBP+eXiyT7jsgVCq1bkVygt00oASowB7EdtpOHaaPgKt812P9ab+DDKA==

jsonc-parser@^3.2.0:
  version "3.2.0"
  resolved "https://registry.yarnpkg.com/jsonc-parser/-/jsonc-parser-3.2.0.tgz#31ff3f4c2b9793f89c67212627c51c6394f88e76"
  integrity sha512-gfFQZrcTc8CnKXp6Y4/CBT3fTc0OVuDofpre4aEeEpSBPV5X5v4+Vmx+8snU7RLPrNHPKSgLxGo9YuQzz20o+w==

magic-string@^0.30.0:
  version "0.30.0"
  resolved "https://registry.yarnpkg.com/magic-string/-/magic-string-0.30.0.tgz#fd58a4748c5c4547338a424e90fa5dd17f4de529"
  integrity sha512-LA+31JYDJLs82r2ScLrlz1GjSgu66ZV518eyWT+S8VhyQn/JL0u9MeBOvQMGYiPk1DBiSN9DDMOcXvigJZaViQ==
  dependencies:
    "@jridgewell/sourcemap-codec" "^1.4.13"

magic-string@^0.30.5:
  version "0.30.5"
  resolved "https://registry.yarnpkg.com/magic-string/-/magic-string-0.30.5.tgz#1994d980bd1c8835dc6e78db7cbd4ae4f24746f9"
  integrity sha512-7xlpfBaQaP/T6Vh8MO/EqXSW5En6INHEvEXQiuff7Gku0PWjU3uf6w/j9o7O+SpB5fOAkrI5HeoNgwjEO0pFsA==
  dependencies:
    "@jridgewell/sourcemap-codec" "^1.4.15"

mark.js@8.11.1:
  version "8.11.1"
  resolved "https://registry.yarnpkg.com/mark.js/-/mark.js-8.11.1.tgz#180f1f9ebef8b0e638e4166ad52db879beb2ffc5"
  integrity sha512-1I+1qpDt4idfgLQG+BNWmrqku+7/2bi5nLf4YwF8y8zXvmfiTBY3PV3ZibfrjBueCByROpuBjLLFCajqkgYoLQ==

minisearch@^6.1.0:
  version "6.1.0"
  resolved "https://registry.yarnpkg.com/minisearch/-/minisearch-6.1.0.tgz#6e74e743dbd0e88fa5ca52fef2391e0aa7055252"
  integrity sha512-PNxA/X8pWk+TiqPbsoIYH0GQ5Di7m6326/lwU/S4mlo4wGQddIcf/V//1f9TB0V4j59b57b+HZxt8h3iMROGvg==

nanoid@^3.3.6:
  version "3.3.6"
  resolved "https://registry.yarnpkg.com/nanoid/-/nanoid-3.3.6.tgz#443380c856d6e9f9824267d960b4236ad583ea4c"
  integrity sha512-BGcqMMJuToF7i1rt+2PWSNVnWIkGCU78jBG3RxO/bZlnZPK2Cmi2QaffxGO/2RvWi9sL+FAiRiXMgsyxQ1DIDA==

picocolors@^1.0.0:
  version "1.0.0"
  resolved "https://registry.yarnpkg.com/picocolors/-/picocolors-1.0.0.tgz#cb5bdc74ff3f51892236eaf79d68bc44564ab81c"
  integrity sha512-1fygroTLlHu66zi26VoTDv8yRgm0Fccecssto+MhsZ0D/DGW2sm8E8AjW7NU5VVTRt5GxbeZ5qBuJr+HyLYkjQ==

postcss@^8.1.10, postcss@^8.4.27, postcss@^8.4.31:
  version "8.4.31"
  resolved "https://registry.yarnpkg.com/postcss/-/postcss-8.4.31.tgz#92b451050a9f914da6755af352bdc0192508656d"
  integrity sha512-PS08Iboia9mts/2ygV3eLpY5ghnUcfLV/EXTOW1E2qYxJKGGBUtNjN76FYHnMs36RmARn41bC0AZmn+rR0OVpQ==
  dependencies:
    nanoid "^3.3.6"
    picocolors "^1.0.0"
    source-map-js "^1.0.2"

preact@^10.0.0:
  version "10.7.3"
  resolved "https://registry.yarnpkg.com/preact/-/preact-10.7.3.tgz#f98c09a29cb8dbb22e5fc824a1edcc377fc42b5a"
  integrity sha512-giqJXP8VbtA1tyGa3f1n9wiN7PrHtONrDyE3T+ifjr/tTkg+2N4d/6sjC9WyJKv8wM7rOYDveqy5ZoFmYlwo4w==

rollup@^3.27.1:
  version "3.28.0"
  resolved "https://registry.yarnpkg.com/rollup/-/rollup-3.28.0.tgz#a3c70004b01934760c0cb8df717c7a1d932389a2"
  integrity sha512-d7zhvo1OUY2SXSM6pfNjgD5+d0Nz87CUp4mt8l/GgVP3oBsPwzNvSzyu1me6BSG9JIgWNTVcafIXBIyM8yQ3yw==
  optionalDependencies:
    fsevents "~2.3.2"

shiki@^0.14.5:
  version "0.14.5"
  resolved "https://registry.yarnpkg.com/shiki/-/shiki-0.14.5.tgz#375dd214e57eccb04f0daf35a32aa615861deb93"
  integrity sha512-1gCAYOcmCFONmErGTrS1fjzJLA7MGZmKzrBNX7apqSwhyITJg2O102uFzXUeBxNnEkDA9vHIKLyeKq0V083vIw==
  dependencies:
    ansi-sequence-parser "^1.1.0"
    jsonc-parser "^3.2.0"
    vscode-oniguruma "^1.7.0"
    vscode-textmate "^8.0.0"

source-map-js@^1.0.2:
  version "1.0.2"
  resolved "https://registry.yarnpkg.com/source-map-js/-/source-map-js-1.0.2.tgz#adbc361d9c62df380125e7f161f71c826f1e490c"
  integrity sha512-R0XvVJ9WusLiqTCEiGCmICCMplcCkIwwR11mOSD9CR5u+IXYdiseeEuXCVAjS54zqwkLcPNnmU4OeJ6tUrWhDw==

tabbable@^6.2.0:
  version "6.2.0"
  resolved "https://registry.yarnpkg.com/tabbable/-/tabbable-6.2.0.tgz#732fb62bc0175cfcec257330be187dcfba1f3b97"
  integrity sha512-Cat63mxsVJlzYvN51JmVXIgNoUokrIaT2zLclCXjRd8boZ0004U4KCs/sToJ75C6sdlByWxpYnb5Boif1VSFew==

vite@^4.5.0:
  version "4.5.0"
  resolved "https://registry.yarnpkg.com/vite/-/vite-4.5.0.tgz#ec406295b4167ac3bc23e26f9c8ff559287cff26"
  integrity sha512-ulr8rNLA6rkyFAlVWw2q5YJ91v098AFQ2R0PRFwPzREXOUJQPtFUG0t+/ZikhaOCDqFoDhN6/v8Sq0o4araFAw==
  dependencies:
    esbuild "^0.18.10"
    postcss "^8.4.27"
    rollup "^3.27.1"
  optionalDependencies:
    fsevents "~2.3.2"

vitepress@^1.0.0-rc.24:
  version "1.0.0-rc.24"
  resolved "https://registry.yarnpkg.com/vitepress/-/vitepress-1.0.0-rc.24.tgz#517b44d10e0cd3773f5e2f9799c2bde8e60f0505"
  integrity sha512-RpnL8cnOGwiRlBbrYQUm9sYkJbtyOt/wYXk2diTcokY4yvks/5lq9LuSt+MURWB6ZqwpSNHvTmxgaSfLoG0/OA==
  dependencies:
    "@docsearch/css" "^3.5.2"
    "@docsearch/js" "^3.5.2"
    "@types/markdown-it" "^13.0.4"
    "@vitejs/plugin-vue" "4.3.1"
    "@vue/devtools-api" "^6.5.1"
    "@vueuse/core" "^10.5.0"
    "@vueuse/integrations" "^10.5.0"
    focus-trap "^7.5.4"
    mark.js "8.11.1"
    minisearch "^6.1.0"
    shiki "^0.14.5"
    vite "^4.5.0"
    vue "^3.3.6"

vscode-oniguruma@^1.7.0:
  version "1.7.0"
  resolved "https://registry.yarnpkg.com/vscode-oniguruma/-/vscode-oniguruma-1.7.0.tgz#439bfad8fe71abd7798338d1cd3dc53a8beea94b"
  integrity sha512-L9WMGRfrjOhgHSdOYgCt/yRMsXzLDJSL7BPrOZt73gU0iWO4mpqzqQzOz5srxqTvMBaR0XZTSrVWo4j55Rc6cA==

vscode-textmate@^8.0.0:
  version "8.0.0"
  resolved "https://registry.yarnpkg.com/vscode-textmate/-/vscode-textmate-8.0.0.tgz#2c7a3b1163ef0441097e0b5d6389cd5504b59e5d"
  integrity sha512-AFbieoL7a5LMqcnOF04ji+rpXadgOXnZsxQr//r83kLPr7biP7am3g9zbaZIaBGwBRWeSvoMD4mgPdX3e4NWBg==

vue-demi@>=0.14.6:
  version "0.14.6"
  resolved "https://registry.yarnpkg.com/vue-demi/-/vue-demi-0.14.6.tgz#dc706582851dc1cdc17a0054f4fec2eb6df74c92"
  integrity sha512-8QA7wrYSHKaYgUxDA5ZC24w+eHm3sYCbp0EzcDwKqN3p6HqtTCGR/GVsPyZW92unff4UlcSh++lmqDWN3ZIq4w==

vue@^3.3.4:
  version "3.3.4"
  resolved "https://registry.yarnpkg.com/vue/-/vue-3.3.4.tgz#8ed945d3873667df1d0fcf3b2463ada028f88bd6"
  integrity sha512-VTyEYn3yvIeY1Py0WaYGZsXnz3y5UnGi62GjVEqvEGPl6nxbOrCXbVOTQWBEJUqAyTUk2uJ5JLVnYJ6ZzGbrSw==
  dependencies:
    "@vue/compiler-dom" "3.3.4"
    "@vue/compiler-sfc" "3.3.4"
    "@vue/runtime-dom" "3.3.4"
    "@vue/server-renderer" "3.3.4"
    "@vue/shared" "3.3.4"

vue@^3.3.6:
  version "3.3.7"
  resolved "https://registry.yarnpkg.com/vue/-/vue-3.3.7.tgz#972a218682443a3819d121261b2bff914417f4f0"
  integrity sha512-YEMDia1ZTv1TeBbnu6VybatmSteGOS3A3YgfINOfraCbf85wdKHzscD6HSS/vB4GAtI7sa1XPX7HcQaJ1l24zA==
  dependencies:
    "@vue/compiler-dom" "3.3.7"
    "@vue/compiler-sfc" "3.3.7"
    "@vue/runtime-dom" "3.3.7"
    "@vue/server-renderer" "3.3.7"
    "@vue/shared" "3.3.7"
